{
  "lockfileVersion": 1,
  "configVersion": 1,
  "workspaces": {
    "": {
      "name": "@synadia-ai/nats-ai-testui",
      "dependencies": {
        "@nats-io/transport-node": "^3.3.1",
        "@synadia-ai/agents": "^0.1.0",
      },
      "devDependencies": {
        "@types/bun": "latest",
        "@vitejs/plugin-vue": "^6.0.1",
        "@vue/tsconfig": "^0.7.0",
        "dompurify": "^3.3.1",
        "highlight.js": "^11.11.1",
        "marked": "^17.0.1",
        "typescript": "^5.6.0",
        "vite": "^7.2.4",
        "vue": "^3.5.24",
        "vue-tsc": "^2.1.10",
      },
    },
  },
  "packages": {
    "@babel/helper-string-parser": ["@babel/helper-string-parser@7.27.1", "", {}, "sha512-qMlSxKbpRlAridDExk92nSobyDdpPijUq2DW6oDnUqd0iOGxmQjyqhMIihI9+zv4LPyZdRje2cavWPbCbWm3eA=="],

    "@babel/helper-validator-identifier": ["@babel/helper-validator-identifier@7.28.5", "", {}, "sha512-qSs4ifwzKJSV39ucNjsvc6WVHs6b7S03sOh2OcHF9UHfVPqWWALUsNUVzhSBiItjRZoLHx7nIarVjqKVusUZ1Q=="],

    "@babel/parser": ["@babel/parser@7.29.2", "", { "dependencies": { "@babel/types": "^7.29.0" }, "bin": "./bin/babel-parser.js" }, "sha512-4GgRzy/+fsBa72/RZVJmGKPmZu9Byn8o4MoLpmNe1m8ZfYnz5emHLQz3U4gLud6Zwl0RZIcgiLD7Uq7ySFuDLA=="],

    "@babel/types": ["@babel/types@7.29.0", "", { "dependencies": { "@babel/helper-string-parser": "^7.27.1", "@babel/helper-validator-identifier": "^7.28.5" } }, "sha512-LwdZHpScM4Qz8Xw2iKSzS+cfglZzJGvofQICy7W7v4caru4EaAmyUuO6BGrbyQ2mYV11W0U8j5mBhd14dd3B0A=="],

    "@esbuild/aix-ppc64": ["@esbuild/aix-ppc64@0.27.7", "", { "os": "aix", "cpu": "ppc64" }, "sha512-EKX3Qwmhz1eMdEJokhALr0YiD0lhQNwDqkPYyPhiSwKrh7/4KRjQc04sZ8db+5DVVnZ1LmbNDI1uAMPEUBnQPg=="],

    "@esbuild/android-arm": ["@esbuild/android-arm@0.27.7", "", { "os": "android", "cpu": "arm" }, "sha512-jbPXvB4Yj2yBV7HUfE2KHe4GJX51QplCN1pGbYjvsyCZbQmies29EoJbkEc+vYuU5o45AfQn37vZlyXy4YJ8RQ=="],

    "@esbuild/android-arm64": ["@esbuild/android-arm64@0.27.7", "", { "os": "android", "cpu": "arm64" }, "sha512-62dPZHpIXzvChfvfLJow3q5dDtiNMkwiRzPylSCfriLvZeq0a1bWChrGx/BbUbPwOrsWKMn8idSllklzBy+dgQ=="],

    "@esbuild/android-x64": ["@esbuild/android-x64@0.27.7", "", { "os": "android", "cpu": "x64" }, "sha512-x5VpMODneVDb70PYV2VQOmIUUiBtY3D3mPBG8NxVk5CogneYhkR7MmM3yR/uMdITLrC1ml/NV1rj4bMJuy9MCg=="],

    "@esbuild/darwin-arm64": ["@esbuild/darwin-arm64@0.27.7", "", { "os": "darwin", "cpu": "arm64" }, "sha512-5lckdqeuBPlKUwvoCXIgI2D9/ABmPq3Rdp7IfL70393YgaASt7tbju3Ac+ePVi3KDH6N2RqePfHnXkaDtY9fkw=="],

    "@esbuild/darwin-x64": ["@esbuild/darwin-x64@0.27.7", "", { "os": "darwin", "cpu": "x64" }, "sha512-rYnXrKcXuT7Z+WL5K980jVFdvVKhCHhUwid+dDYQpH+qu+TefcomiMAJpIiC2EM3Rjtq0sO3StMV/+3w3MyyqQ=="],

    "@esbuild/freebsd-arm64": ["@esbuild/freebsd-arm64@0.27.7", "", { "os": "freebsd", "cpu": "arm64" }, "sha512-B48PqeCsEgOtzME2GbNM2roU29AMTuOIN91dsMO30t+Ydis3z/3Ngoj5hhnsOSSwNzS+6JppqWsuhTp6E82l2w=="],

    "@esbuild/freebsd-x64": ["@esbuild/freebsd-x64@0.27.7", "", { "os": "freebsd", "cpu": "x64" }, "sha512-jOBDK5XEjA4m5IJK3bpAQF9/Lelu/Z9ZcdhTRLf4cajlB+8VEhFFRjWgfy3M1O4rO2GQ/b2dLwCUGpiF/eATNQ=="],

    "@esbuild/linux-arm": ["@esbuild/linux-arm@0.27.7", "", { "os": "linux", "cpu": "arm" }, "sha512-RkT/YXYBTSULo3+af8Ib0ykH8u2MBh57o7q/DAs3lTJlyVQkgQvlrPTnjIzzRPQyavxtPtfg0EopvDyIt0j1rA=="],

    "@esbuild/linux-arm64": ["@esbuild/linux-arm64@0.27.7", "", { "os": "linux", "cpu": "arm64" }, "sha512-RZPHBoxXuNnPQO9rvjh5jdkRmVizktkT7TCDkDmQ0W2SwHInKCAV95GRuvdSvA7w4VMwfCjUiPwDi0ZO6Nfe9A=="],

    "@esbuild/linux-ia32": ["@esbuild/linux-ia32@0.27.7", "", { "os": "linux", "cpu": "ia32" }, "sha512-GA48aKNkyQDbd3KtkplYWT102C5sn/EZTY4XROkxONgruHPU72l+gW+FfF8tf2cFjeHaRbWpOYa/uRBz/Xq1Pg=="],

    "@esbuild/linux-loong64": ["@esbuild/linux-loong64@0.27.7", "", { "os": "linux", "cpu": "none" }, "sha512-a4POruNM2oWsD4WKvBSEKGIiWQF8fZOAsycHOt6JBpZ+JN2n2JH9WAv56SOyu9X5IqAjqSIPTaJkqN8F7XOQ5Q=="],

    "@esbuild/linux-mips64el": ["@esbuild/linux-mips64el@0.27.7", "", { "os": "linux", "cpu": "none" }, "sha512-KabT5I6StirGfIz0FMgl1I+R1H73Gp0ofL9A3nG3i/cYFJzKHhouBV5VWK1CSgKvVaG4q1RNpCTR2LuTVB3fIw=="],

    "@esbuild/linux-ppc64": ["@esbuild/linux-ppc64@0.27.7", "", { "os": "linux", "cpu": "ppc64" }, "sha512-gRsL4x6wsGHGRqhtI+ifpN/vpOFTQtnbsupUF5R5YTAg+y/lKelYR1hXbnBdzDjGbMYjVJLJTd2OFmMewAgwlQ=="],

    "@esbuild/linux-riscv64": ["@esbuild/linux-riscv64@0.27.7", "", { "os": "linux", "cpu": "none" }, "sha512-hL25LbxO1QOngGzu2U5xeXtxXcW+/GvMN3ejANqXkxZ/opySAZMrc+9LY/WyjAan41unrR3YrmtTsUpwT66InQ=="],

    "@esbuild/linux-s390x": ["@esbuild/linux-s390x@0.27.7", "", { "os": "linux", "cpu": "s390x" }, "sha512-2k8go8Ycu1Kb46vEelhu1vqEP+UeRVj2zY1pSuPdgvbd5ykAw82Lrro28vXUrRmzEsUV0NzCf54yARIK8r0fdw=="],

    "@esbuild/linux-x64": ["@esbuild/linux-x64@0.27.7", "", { "os": "linux", "cpu": "x64" }, "sha512-hzznmADPt+OmsYzw1EE33ccA+HPdIqiCRq7cQeL1Jlq2gb1+OyWBkMCrYGBJ+sxVzve2ZJEVeePbLM2iEIZSxA=="],

    "@esbuild/netbsd-arm64": ["@esbuild/netbsd-arm64@0.27.7", "", { "os": "none", "cpu": "arm64" }, "sha512-b6pqtrQdigZBwZxAn1UpazEisvwaIDvdbMbmrly7cDTMFnw/+3lVxxCTGOrkPVnsYIosJJXAsILG9XcQS+Yu6w=="],

    "@esbuild/netbsd-x64": ["@esbuild/netbsd-x64@0.27.7", "", { "os": "none", "cpu": "x64" }, "sha512-OfatkLojr6U+WN5EDYuoQhtM+1xco+/6FSzJJnuWiUw5eVcicbyK3dq5EeV/QHT1uy6GoDhGbFpprUiHUYggrw=="],

    "@esbuild/openbsd-arm64": ["@esbuild/openbsd-arm64@0.27.7", "", { "os": "openbsd", "cpu": "arm64" }, "sha512-AFuojMQTxAz75Fo8idVcqoQWEHIXFRbOc1TrVcFSgCZtQfSdc1RXgB3tjOn/krRHENUB4j00bfGjyl2mJrU37A=="],

    "@esbuild/openbsd-x64": ["@esbuild/openbsd-x64@0.27.7", "", { "os": "openbsd", "cpu": "x64" }, "sha512-+A1NJmfM8WNDv5CLVQYJ5PshuRm/4cI6WMZRg1by1GwPIQPCTs1GLEUHwiiQGT5zDdyLiRM/l1G0Pv54gvtKIg=="],

    "@esbuild/openharmony-arm64": ["@esbuild/openharmony-arm64@0.27.7", "", { "os": "none", "cpu": "arm64" }, "sha512-+KrvYb/C8zA9CU/g0sR6w2RBw7IGc5J2BPnc3dYc5VJxHCSF1yNMxTV5LQ7GuKteQXZtspjFbiuW5/dOj7H4Yw=="],

    "@esbuild/sunos-x64": ["@esbuild/sunos-x64@0.27.7", "", { "os": "sunos", "cpu": "x64" }, "sha512-ikktIhFBzQNt/QDyOL580ti9+5mL/YZeUPKU2ivGtGjdTYoqz6jObj6nOMfhASpS4GU4Q/Clh1QtxWAvcYKamA=="],

    "@esbuild/win32-arm64": ["@esbuild/win32-arm64@0.27.7", "", { "os": "win32", "cpu": "arm64" }, "sha512-7yRhbHvPqSpRUV7Q20VuDwbjW5kIMwTHpptuUzV+AA46kiPze5Z7qgt6CLCK3pWFrHeNfDd1VKgyP4O+ng17CA=="],

    "@esbuild/win32-ia32": ["@esbuild/win32-ia32@0.27.7", "", { "os": "win32", "cpu": "ia32" }, "sha512-SmwKXe6VHIyZYbBLJrhOoCJRB/Z1tckzmgTLfFYOfpMAx63BJEaL9ExI8x7v0oAO3Zh6D/Oi1gVxEYr5oUCFhw=="],

    "@esbuild/win32-x64": ["@esbuild/win32-x64@0.27.7", "", { "os": "win32", "cpu": "x64" }, "sha512-56hiAJPhwQ1R4i+21FVF7V8kSD5zZTdHcVuRFMW0hn753vVfQN8xlx4uOPT4xoGH0Z/oVATuR82AiqSTDIpaHg=="],

    "@jridgewell/sourcemap-codec": ["@jridgewell/sourcemap-codec@1.5.5", "", {}, "sha512-cYQ9310grqxueWbl+WuIUIaiUaDcj7WOq5fVhEljNVgRfOUhY9fy2zTvfoqWsnebh8Sl70VScFbICvJnLKB0Og=="],

    "@nats-io/nats-core": ["@nats-io/nats-core@3.3.1", "", { "dependencies": { "@nats-io/nkeys": "2.0.3", "@nats-io/nuid": "2.0.3" } }, "sha512-myFXGTo4cCfKrsLDjkoEz7FjjjvSfBRjun7Qx3n3Z5OzW4JUY8Ou7VQsGAdXLQxHN3ae/XNXvmXxshDoFPex4w=="],

    "@nats-io/nkeys": ["@nats-io/nkeys@2.0.3", "", { "dependencies": { "tweetnacl": "^1.0.3" } }, "sha512-JVt56GuE6Z89KUkI4TXUbSI9fmIfAmk6PMPknijmuL72GcD+UgIomTcRWiNvvJKxA01sBbmIPStqJs5cMRBC3A=="],

    "@nats-io/nuid": ["@nats-io/nuid@2.0.3", "", {}, "sha512-TpA3HEBna/qMVudy+3HZr5M3mo/L1JPofpVT4t0HkFGkz2Cn9wrlrQC8tvR8Md5Oa9//GtGG26eN0qEWF5Vqew=="],

    "@nats-io/services": ["@nats-io/services@3.3.1", "", { "dependencies": { "@nats-io/nats-core": "3.3.1" } }, "sha512-beAwjir4HmluuU1mN3Rt6LMUxUsLH6Vb2KBl8wVpjFFhD1awFevVOeuZrQNnu8WXr8sQ8LXzb03/JN3uXCZ74Q=="],

    "@nats-io/transport-node": ["@nats-io/transport-node@3.3.1", "", { "dependencies": { "@nats-io/nats-core": "3.3.1", "@nats-io/nkeys": "2.0.3", "@nats-io/nuid": "2.0.3" } }, "sha512-GBvY0VcvyQEILgy5bjpqU1GpDYmSF06bW59I7cewZuNGS9u3AoV/gf+a+3ep45T/Z+UC661atq/b7x+QV12w+Q=="],

    "@rolldown/pluginutils": ["@rolldown/pluginutils@1.0.0-rc.13", "", {}, "sha512-3ngTAv6F/Py35BsYbeeLeecvhMKdsKm4AoOETVhAA+Qc8nrA2I0kF7oa93mE9qnIurngOSpMnQ0x2nQY2FPviA=="],

    "@rollup/rollup-android-arm-eabi": ["@rollup/rollup-android-arm-eabi@4.60.2", "", { "os": "android", "cpu": "arm" }, "sha512-dnlp69efPPg6Uaw2dVqzWRfAWRnYVb1XJ8CyyhIbZeaq4CA5/mLeZ1IEt9QqQxmbdvagjLIm2ZL8BxXv5lH4Yw=="],

    "@rollup/rollup-android-arm64": ["@rollup/rollup-android-arm64@4.60.2", "", { "os": "android", "cpu": "arm64" }, "sha512-OqZTwDRDchGRHHm/hwLOL7uVPB9aUvI0am/eQuWMNyFHf5PSEQmyEeYYheA0EPPKUO/l0uigCp+iaTjoLjVoHg=="],

    "@rollup/rollup-darwin-arm64": ["@rollup/rollup-darwin-arm64@4.60.2", "", { "os": "darwin", "cpu": "arm64" }, "sha512-UwRE7CGpvSVEQS8gUMBe1uADWjNnVgP3Iusyda1nSRwNDCsRjnGc7w6El6WLQsXmZTbLZx9cecegumcitNfpmA=="],

    "@rollup/rollup-darwin-x64": ["@rollup/rollup-darwin-x64@4.60.2", "", { "os": "darwin", "cpu": "x64" }, "sha512-gjEtURKLCC5VXm1I+2i1u9OhxFsKAQJKTVB8WvDAHF+oZlq0GTVFOlTlO1q3AlCTE/DF32c16ESvfgqR7343/g=="],

    "@rollup/rollup-freebsd-arm64": ["@rollup/rollup-freebsd-arm64@4.60.2", "", { "os": "freebsd", "cpu": "arm64" }, "sha512-Bcl6CYDeAgE70cqZaMojOi/eK63h5Me97ZqAQoh77VPjMysA/4ORQBRGo3rRy45x4MzVlU9uZxs8Uwy7ZaKnBw=="],

    "@rollup/rollup-freebsd-x64": ["@rollup/rollup-freebsd-x64@4.60.2", "", { "os": "freebsd", "cpu": "x64" }, "sha512-LU+TPda3mAE2QB0/Hp5VyeKJivpC6+tlOXd1VMoXV/YFMvk/MNk5iXeBfB4MQGRWyOYVJ01625vjkr0Az98OJQ=="],

    "@rollup/rollup-linux-arm-gnueabihf": ["@rollup/rollup-linux-arm-gnueabihf@4.60.2", "", { "os": "linux", "cpu": "arm" }, "sha512-2QxQrM+KQ7DAW4o22j+XZ6RKdxjLD7BOWTP0Bv0tmjdyhXSsr2Ul1oJDQqh9Zf5qOwTuTc7Ek83mOFaKnodPjg=="],

    "@rollup/rollup-linux-arm-musleabihf": ["@rollup/rollup-linux-arm-musleabihf@4.60.2", "", { "os": "linux", "cpu": "arm" }, "sha512-TbziEu2DVsTEOPif2mKWkMeDMLoYjx95oESa9fkQQK7r/Orta0gnkcDpzwufEcAO2BLBsD7mZkXGFqEdMRRwfw=="],

    "@rollup/rollup-linux-arm64-gnu": ["@rollup/rollup-linux-arm64-gnu@4.60.2", "", { "os": "linux", "cpu": "arm64" }, "sha512-bO/rVDiDUuM2YfuCUwZ1t1cP+/yqjqz+Xf2VtkdppefuOFS2OSeAfgafaHNkFn0t02hEyXngZkxtGqXcXwO8Rg=="],

    "@rollup/rollup-linux-arm64-musl": ["@rollup/rollup-linux-arm64-musl@4.60.2", "", { "os": "linux", "cpu": "arm64" }, "sha512-hr26p7e93Rl0Za+JwW7EAnwAvKkehh12BU1Llm9Ykiibg4uIr2rbpxG9WCf56GuvidlTG9KiiQT/TXT1yAWxTA=="],

    "@rollup/rollup-linux-loong64-gnu": ["@rollup/rollup-linux-loong64-gnu@4.60.2", "", { "os": "linux", "cpu": "none" }, "sha512-pOjB/uSIyDt+ow3k/RcLvUAOGpysT2phDn7TTUB3n75SlIgZzM6NKAqlErPhoFU+npgY3/n+2HYIQVbF70P9/A=="],

    "@rollup/rollup-linux-loong64-musl": ["@rollup/rollup-linux-loong64-musl@4.60.2", "", { "os": "linux", "cpu": "none" }, "sha512-2/w+q8jszv9Ww1c+6uJT3OwqhdmGP2/4T17cu8WuwyUuuaCDDJ2ojdyYwZzCxx0GcsZBhzi3HmH+J5pZNXnd+Q=="],

    "@rollup/rollup-linux-ppc64-gnu": ["@rollup/rollup-linux-ppc64-gnu@4.60.2", "", { "os": "linux", "cpu": "ppc64" }, "sha512-11+aL5vKheYgczxtPVVRhdptAM2H7fcDR5Gw4/bTcteuZBlH4oP9f5s9zYO9aGZvoGeBpqXI/9TZZihZ609wKw=="],

    "@rollup/rollup-linux-ppc64-musl": ["@rollup/rollup-linux-ppc64-musl@4.60.2", "", { "os": "linux", "cpu": "ppc64" }, "sha512-i16fokAGK46IVZuV8LIIwMdtqhin9hfYkCh8pf8iC3QU3LpwL+1FSFGej+O7l3E/AoknL6Dclh2oTdnRMpTzFQ=="],

    "@rollup/rollup-linux-riscv64-gnu": ["@rollup/rollup-linux-riscv64-gnu@4.60.2", "", { "os": "linux", "cpu": "none" }, "sha512-49FkKS6RGQoriDSK/6E2GkAsAuU5kETFCh7pG4yD/ylj9rKhTmO3elsnmBvRD4PgJPds5W2PkhC82aVwmUcJ7A=="],

    "@rollup/rollup-linux-riscv64-musl": ["@rollup/rollup-linux-riscv64-musl@4.60.2", "", { "os": "linux", "cpu": "none" }, "sha512-mjYNkHPfGpUR00DuM1ZZIgs64Hpf4bWcz9Z41+4Q+pgDx73UwWdAYyf6EG/lRFldmdHHzgrYyge5akFUW0D3mQ=="],

    "@rollup/rollup-linux-s390x-gnu": ["@rollup/rollup-linux-s390x-gnu@4.60.2", "", { "os": "linux", "cpu": "s390x" }, "sha512-ALyvJz965BQk8E9Al/JDKKDLH2kfKFLTGMlgkAbbYtZuJt9LU8DW3ZoDMCtQpXAltZxwBHevXz5u+gf0yA0YoA=="],

    "@rollup/rollup-linux-x64-gnu": ["@rollup/rollup-linux-x64-gnu@4.60.2", "", { "os": "linux", "cpu": "x64" }, "sha512-UQjrkIdWrKI626Du8lCQ6MJp/6V1LAo2bOK9OTu4mSn8GGXIkPXk/Vsp4bLHCd9Z9Iz2OTEaokUE90VweJgIYQ=="],

    "@rollup/rollup-linux-x64-musl": ["@rollup/rollup-linux-x64-musl@4.60.2", "", { "os": "linux", "cpu": "x64" }, "sha512-bTsRGj6VlSdn/XD4CGyzMnzaBs9bsRxy79eTqTCBsA8TMIEky7qg48aPkvJvFe1HyzQ5oMZdg7AnVlWQSKLTnw=="],

    "@rollup/rollup-openbsd-x64": ["@rollup/rollup-openbsd-x64@4.60.2", "", { "os": "openbsd", "cpu": "x64" }, "sha512-6d4Z3534xitaA1FcMWP7mQPq5zGwBmGbhphh2DwaA1aNIXUu3KTOfwrWpbwI4/Gr0uANo7NTtaykFyO2hPuFLg=="],

    "@rollup/rollup-openharmony-arm64": ["@rollup/rollup-openharmony-arm64@4.60.2", "", { "os": "none", "cpu": "arm64" }, "sha512-NetAg5iO2uN7eB8zE5qrZ3CSil+7IJt4WDFLcC75Ymywq1VZVD6qJ6EvNLjZ3rEm6gB7XW5JdT60c6MN35Z85Q=="],

    "@rollup/rollup-win32-arm64-msvc": ["@rollup/rollup-win32-arm64-msvc@4.60.2", "", { "os": "win32", "cpu": "arm64" }, "sha512-NCYhOotpgWZ5kdxCZsv6Iudx0wX8980Q/oW4pNFNihpBKsDbEA1zpkfxJGC0yugsUuyDZ7gL37dbzwhR0VI7pQ=="],

    "@rollup/rollup-win32-ia32-msvc": ["@rollup/rollup-win32-ia32-msvc@4.60.2", "", { "os": "win32", "cpu": "ia32" }, "sha512-RXsaOqXxfoUBQoOgvmmijVxJnW2IGB0eoMO7F8FAjaj0UTywUO/luSqimWBJn04WNgUkeNhh7fs7pESXajWmkg=="],

    "@rollup/rollup-win32-x64-gnu": ["@rollup/rollup-win32-x64-gnu@4.60.2", "", { "os": "win32", "cpu": "x64" }, "sha512-qdAzEULD+/hzObedtmV6iBpdL5TIbKVztGiK7O3/KYSf+HIzU257+MX1EXJcyIiDbMAqmbwaufcYPvyRryeZtA=="],

    "@rollup/rollup-win32-x64-msvc": ["@rollup/rollup-win32-x64-msvc@4.60.2", "", { "os": "win32", "cpu": "x64" }, "sha512-Nd/SgG27WoA9e+/TdK74KnHz852TLa94ovOYySo/yMPuTmpckK/jIF2jSwS3g7ELSKXK13/cVdmg1Z/DaCWKxA=="],

    "@synadia-ai/agents": ["@synadia-ai/agents@0.1.0", "", { "dependencies": { "@nats-io/nats-core": "^3.3.0", "@nats-io/services": "^3.3.0", "@nats-io/transport-node": "^3.3.0" } }, "sha512-FDQUFzocK7zcAs3XEFU1nd9//4Cbg6/zJqDYAPO9WqMirulG4UUigvEtOPlVFeJRq4JlEDyqK/T7jbBF0eqrQg=="],

    "@types/bun": ["@types/bun@1.3.13", "", { "dependencies": { "bun-types": "1.3.13" } }, "sha512-9fqXWk5YIHGGnUau9TEi+qdlTYDAnOj+xLCmSTwXfAIqXr2x4tytJb43E9uCvt09zJURKXwAtkoH4nLQfzeTXw=="],

    "@types/estree": ["@types/estree@1.0.8", "", {}, "sha512-dWHzHa2WqEXI/O1E9OjrocMTKJl2mSrEolh1Iomrv6U+JuNwaHXsXx9bLu5gG7BUWFIN0skIQJQ/L1rIex4X6w=="],

    "@types/node": ["@types/node@20.19.39", "", { "dependencies": { "undici-types": "~6.21.0" } }, "sha512-orrrD74MBUyK8jOAD/r0+lfa1I2MO6I+vAkmAWzMYbCcgrN4lCrmK52gRFQq/JRxfYPfonkr4b0jcY7Olqdqbw=="],

    "@types/trusted-types": ["@types/trusted-types@2.0.7", "", {}, "sha512-ScaPdn1dQczgbl0QFTeTOmVHFULt394XJgOQNoyVhZ6r2vLnMLJfBPd53SB52T/3G36VI1/g2MZaX0cwDuXsfw=="],

    "@vitejs/plugin-vue": ["@vitejs/plugin-vue@6.0.6", "", { "dependencies": { "@rolldown/pluginutils": "1.0.0-rc.13" }, "peerDependencies": { "vite": "^5.0.0 || ^6.0.0 || ^7.0.0 || ^8.0.0", "vue": "^3.2.25" } }, "sha512-u9HHgfrq3AjXlysn0eINFnWQOJQLO9WN6VprZ8FXl7A2bYisv3Hui9Ij+7QZ41F/WYWarHjwBbXtD7dKg3uxbg=="],

    "@volar/language-core": ["@volar/language-core@2.4.15", "", { "dependencies": { "@volar/source-map": "2.4.15" } }, "sha512-3VHw+QZU0ZG9IuQmzT68IyN4hZNd9GchGPhbD9+pa8CVv7rnoOZwo7T8weIbrRmihqy3ATpdfXFnqRrfPVK6CA=="],

    "@volar/source-map": ["@volar/source-map@2.4.15", "", {}, "sha512-CPbMWlUN6hVZJYGcU/GSoHu4EnCHiLaXI9n8c9la6RaI9W5JHX+NqG+GSQcB0JdC2FIBLdZJwGsfKyBB71VlTg=="],

    "@volar/typescript": ["@volar/typescript@2.4.15", "", { "dependencies": { "@volar/language-core": "2.4.15", "path-browserify": "^1.0.1", "vscode-uri": "^3.0.8" } }, "sha512-2aZ8i0cqPGjXb4BhkMsPYDkkuc2ZQ6yOpqwAuNwUoncELqoy5fRgOQtLR9gB0g902iS0NAkvpIzs27geVyVdPg=="],

    "@vue/compiler-core": ["@vue/compiler-core@3.5.33", "", { "dependencies": { "@babel/parser": "^7.29.2", "@vue/shared": "3.5.33", "entities": "^7.0.1", "estree-walker": "^2.0.2", "source-map-js": "^1.2.1" } }, "sha512-3PZLQwFw4Za3TC8t0FvTy3wI16Kt+pmwcgNZca4Pj9iWL2E72a/gZlpBtAJvEdDMdCxdG/qq0C7PN0bsJuv0Rw=="],

    "@vue/compiler-dom": ["@vue/compiler-dom@3.5.33", "", { "dependencies": { "@vue/compiler-core": "3.5.33", "@vue/shared": "3.5.33" } }, "sha512-PXq0yrfCLzzL07rbXO4awtXY1Z06LG2eu6Adg3RJFa/j3Cii217XxxLXG22N330gw7GmALCY0Z8RgXEviwgpjA=="],

    "@vue/compiler-sfc": ["@vue/compiler-sfc@3.5.33", "", { "dependencies": { "@babel/parser": "^7.29.2", "@vue/compiler-core": "3.5.33", "@vue/compiler-dom": "3.5.33", "@vue/compiler-ssr": "3.5.33", "@vue/shared": "3.5.33", "estree-walker": "^2.0.2", "magic-string": "^0.30.21", "postcss": "^8.5.10", "source-map-js": "^1.2.1" } }, "sha512-UTUvRO9cY+rROrx/pvN9P5Z7FgA6QGfokUCfhQE4EnmUj3rVnK+CHI0LsEO1pg+I7//iRYMUfcNcCPe7tg0CoA=="],

    "@vue/compiler-ssr": ["@vue/compiler-ssr@3.5.33", "", { "dependencies": { "@vue/compiler-dom": "3.5.33", "@vue/shared": "3.5.33" } }, "sha512-IErjYdnj1qIupG5xxiVIYiiRvDhGWV4zuh/RCrwfYpuL+HWQzeU6lCk/nF9r7olWMnjKxCAkOctT2qFWFkzb1A=="],

    "@vue/compiler-vue2": ["@vue/compiler-vue2@2.7.16", "", { "dependencies": { "de-indent": "^1.0.2", "he": "^1.2.0" } }, "sha512-qYC3Psj9S/mfu9uVi5WvNZIzq+xnXMhOwbTFKKDD7b1lhpnn71jXSFdTQ+WsIEk0ONCd7VV2IMm7ONl6tbQ86A=="],

    "@vue/language-core": ["@vue/language-core@2.2.12", "", { "dependencies": { "@volar/language-core": "2.4.15", "@vue/compiler-dom": "^3.5.0", "@vue/compiler-vue2": "^2.7.16", "@vue/shared": "^3.5.0", "alien-signals": "^1.0.3", "minimatch": "^9.0.3", "muggle-string": "^0.4.1", "path-browserify": "^1.0.1" }, "peerDependencies": { "typescript": "*" }, "optionalPeers": ["typescript"] }, "sha512-IsGljWbKGU1MZpBPN+BvPAdr55YPkj2nB/TBNGNC32Vy2qLG25DYu/NBN2vNtZqdRbTRjaoYrahLrToim2NanA=="],

    "@vue/reactivity": ["@vue/reactivity@3.5.33", "", { "dependencies": { "@vue/shared": "3.5.33" } }, "sha512-p8UfIqyIhb0rYGlSgSBV+lPhF2iUSBcRy7enhTmPqKWadHy9kcOFYF1AejYBP9P+avnd3OBbD49DU4pLWX/94A=="],

    "@vue/runtime-core": ["@vue/runtime-core@3.5.33", "", { "dependencies": { "@vue/reactivity": "3.5.33", "@vue/shared": "3.5.33" } }, "sha512-UpFF45RI9//a7rvq7RdOQblb4tup7hHG9QsmIrxkFQLzQ7R8/iNQ5LE15NhLZ1/WcHMU2b47u6P33CPUelHyIQ=="],

    "@vue/runtime-dom": ["@vue/runtime-dom@3.5.33", "", { "dependencies": { "@vue/reactivity": "3.5.33", "@vue/runtime-core": "3.5.33", "@vue/shared": "3.5.33", "csstype": "^3.2.3" } }, "sha512-IOxMsAOwquhfITgmOgaPYl7/j8gKUxUFoflRc+u4LxyD3+783xne8vNta1PONVCvCV9A0w7hkyEepINDqfO0tw=="],

    "@vue/server-renderer": ["@vue/server-renderer@3.5.33", "", { "dependencies": { "@vue/compiler-ssr": "3.5.33", "@vue/shared": "3.5.33" }, "peerDependencies": { "vue": "3.5.33" } }, "sha512-0xylq/8/h44lVG0pZFknv1XIdEgymq2E9n59uTWJBG+dIgiT0TMCSsxrN7nO16Z0MU0MPjFcguBbZV8Itk52Hw=="],

    "@vue/shared": ["@vue/shared@3.5.33", "", {}, "sha512-5vR2QIlmaLG77Ygd4pMP6+SGQ5yox9VhtnbDWTy9DzMzdmeLxZ1QqxrywEZ9sa1AVubfIJyaCG3ytyWU81ufcQ=="],

    "@vue/tsconfig": ["@vue/tsconfig@0.7.0", "", { "peerDependencies": { "typescript": "5.x", "vue": "^3.4.0" }, "optionalPeers": ["typescript", "vue"] }, "sha512-ku2uNz5MaZ9IerPPUyOHzyjhXoX2kVJaVf7hL315DC17vS6IiZRmmCPfggNbU16QTvM80+uYYy3eYJB59WCtvg=="],

    "alien-signals": ["alien-signals@1.0.13", "", {}, "sha512-OGj9yyTnJEttvzhTUWuscOvtqxq5vrhF7vL9oS0xJ2mK0ItPYP1/y+vCFebfxoEyAz0++1AIwJ5CMr+Fk3nDmg=="],

    "balanced-match": ["balanced-match@1.0.2", "", {}, "sha512-3oSeUO0TMV67hN1AmbXsK4yaqU7tjiHlbxRDZOpH0KW9+CeX4bRAaX0Anxt0tx2MrpRpWwQaPwIlISEJhYU5Pw=="],

    "brace-expansion": ["brace-expansion@2.1.0", "", { "dependencies": { "balanced-match": "^1.0.0" } }, "sha512-TN1kCZAgdgweJhWWpgKYrQaMNHcDULHkWwQIspdtjV4Y5aurRdZpjAqn6yX3FPqTA9ngHCc4hJxMAMgGfve85w=="],

    "bun-types": ["bun-types@1.3.13", "", { "dependencies": { "@types/node": "*" } }, "sha512-QXKeHLlOLqQX9LgYaHJfzdBaV21T63HhFJnvuRCcjZiaUDpbs5ED1MgxbMra71CsryN/1dAoXuJJJwIv/2drVA=="],

    "csstype": ["csstype@3.2.3", "", {}, "sha512-z1HGKcYy2xA8AGQfwrn0PAy+PB7X/GSj3UVJW9qKyn43xWa+gl5nXmU4qqLMRzWVLFC8KusUX8T/0kCiOYpAIQ=="],

    "de-indent": ["de-indent@1.0.2", "", {}, "sha512-e/1zu3xH5MQryN2zdVaF0OrdNLUbvWxzMbi+iNA6Bky7l1RoP8a2fIbRocyHclXt/arDrrR6lL3TqFD9pMQTsg=="],

    "dompurify": ["dompurify@3.4.1", "", { "optionalDependencies": { "@types/trusted-types": "^2.0.7" } }, "sha512-JahakDAIg1gyOm7dlgWSDjV4n7Ip2PKR55NIT6jrMfIgLFgWo81vdr1/QGqWtFNRqXP9UV71oVePtjqS2ebnPw=="],

    "entities": ["entities@7.0.1", "", {}, "sha512-TWrgLOFUQTH994YUyl1yT4uyavY5nNB5muff+RtWaqNVCAK408b5ZnnbNAUEWLTCpum9w6arT70i1XdQ4UeOPA=="],

    "esbuild": ["esbuild@0.27.7", "", { "optionalDependencies": { "@esbuild/aix-ppc64": "0.27.7", "@esbuild/android-arm": "0.27.7", "@esbuild/android-arm64": "0.27.7", "@esbuild/android-x64": "0.27.7", "@esbuild/darwin-arm64": "0.27.7", "@esbuild/darwin-x64": "0.27.7", "@esbuild/freebsd-arm64": "0.27.7", "@esbuild/freebsd-x64": "0.27.7", "@esbuild/linux-arm": "0.27.7", "@esbuild/linux-arm64": "0.27.7", "@esbuild/linux-ia32": "0.27.7", "@esbuild/linux-loong64": "0.27.7", "@esbuild/linux-mips64el": "0.27.7", "@esbuild/linux-ppc64": "0.27.7", "@esbuild/linux-riscv64": "0.27.7", "@esbuild/linux-s390x": "0.27.7", "@esbuild/linux-x64": "0.27.7", "@esbuild/netbsd-arm64": "0.27.7", "@esbuild/netbsd-x64": "0.27.7", "@esbuild/openbsd-arm64": "0.27.7", "@esbuild/openbsd-x64": "0.27.7", "@esbuild/openharmony-arm64": "0.27.7", "@esbuild/sunos-x64": "0.27.7", "@esbuild/win32-arm64": "0.27.7", "@esbuild/win32-ia32": "0.27.7", "@esbuild/win32-x64": "0.27.7" }, "bin": { "esbuild": "bin/esbuild" } }, "sha512-IxpibTjyVnmrIQo5aqNpCgoACA/dTKLTlhMHihVHhdkxKyPO1uBBthumT0rdHmcsk9uMonIWS0m4FljWzILh3w=="],

    "estree-walker": ["estree-walker@2.0.2", "", {}, "sha512-Rfkk/Mp/DL7JVje3u18FxFujQlTNR2q6QfMSMB7AvCBx91NGj/ba3kCfza0f6dVDbw7YlRf/nDrn7pQrCCyQ/w=="],

    "fdir": ["fdir@6.5.0", "", { "peerDependencies": { "picomatch": "^3 || ^4" }, "optionalPeers": ["picomatch"] }, "sha512-tIbYtZbucOs0BRGqPJkshJUYdL+SDH7dVM8gjy+ERp3WAUjLEFJE+02kanyHtwjWOnwrKYBiwAmM0p4kLJAnXg=="],

    "fsevents": ["fsevents@2.3.3", "", { "os": "darwin" }, "sha512-5xoDfX+fL7faATnagmWPpbFtwh/R77WmMMqqHGS65C3vvB0YHrgF+B1YmZ3441tMj5n63k0212XNoJwzlhffQw=="],

    "he": ["he@1.2.0", "", { "bin": { "he": "bin/he" } }, "sha512-F/1DnUGPopORZi0ni+CvrCgHQ5FyEAHRLSApuYWMmrbSwoN2Mn/7k+Gl38gJnR7yyDZk6WLXwiGod1JOWNDKGw=="],

    "highlight.js": ["highlight.js@11.11.1", "", {}, "sha512-Xwwo44whKBVCYoliBQwaPvtd/2tYFkRQtXDWj1nackaV2JPXx3L0+Jvd8/qCJ2p+ML0/XVkJ2q+Mr+UVdpJK5w=="],

    "magic-string": ["magic-string@0.30.21", "", { "dependencies": { "@jridgewell/sourcemap-codec": "^1.5.5" } }, "sha512-vd2F4YUyEXKGcLHoq+TEyCjxueSeHnFxyyjNp80yg0XV4vUhnDer/lvvlqM/arB5bXQN5K2/3oinyCRyx8T2CQ=="],

    "marked": ["marked@17.0.6", "", { "bin": { "marked": "bin/marked.js" } }, "sha512-gB0gkNafnonOw0obSTEGZTT86IuhILt2Wfx0mWH/1Au83kybTayroZ/V6nS25mN7u8ASy+5fMhgB3XPNrOZdmA=="],

    "minimatch": ["minimatch@9.0.9", "", { "dependencies": { "brace-expansion": "^2.0.2" } }, "sha512-OBwBN9AL4dqmETlpS2zasx+vTeWclWzkblfZk7KTA5j3jeOONz/tRCnZomUyvNg83wL5Zv9Ss6HMJXAgL8R2Yg=="],

    "muggle-string": ["muggle-string@0.4.1", "", {}, "sha512-VNTrAak/KhO2i8dqqnqnAHOa3cYBwXEZe9h+D5h/1ZqFSTEFHdM65lR7RoIqq3tBBYavsOXV84NoHXZ0AkPyqQ=="],

    "nanoid": ["nanoid@3.3.11", "", { "bin": { "nanoid": "bin/nanoid.cjs" } }, "sha512-N8SpfPUnUp1bK+PMYW8qSWdl9U+wwNWI4QKxOYDy9JAro3WMX7p2OeVRF9v+347pnakNevPmiHhNmZ2HbFA76w=="],

    "path-browserify": ["path-browserify@1.0.1", "", {}, "sha512-b7uo2UCUOYZcnF/3ID0lulOJi/bafxa1xPe7ZPsammBSpjSWQkjNxlt635YGS2MiR9GjvuXCtz2emr3jbsz98g=="],

    "picocolors": ["picocolors@1.1.1", "", {}, "sha512-xceH2snhtb5M9liqDsmEw56le376mTZkEX/jEb/RxNFyegNul7eNslCXP9FDj/Lcu0X8KEyMceP2ntpaHrDEVA=="],

    "picomatch": ["picomatch@4.0.4", "", {}, "sha512-QP88BAKvMam/3NxH6vj2o21R6MjxZUAd6nlwAS/pnGvN9IVLocLHxGYIzFhg6fUQ+5th6P4dv4eW9jX3DSIj7A=="],

    "postcss": ["postcss@8.5.10", "", { "dependencies": { "nanoid": "^3.3.11", "picocolors": "^1.1.1", "source-map-js": "^1.2.1" } }, "sha512-pMMHxBOZKFU6HgAZ4eyGnwXF/EvPGGqUr0MnZ5+99485wwW41kW91A4LOGxSHhgugZmSChL5AlElNdwlNgcnLQ=="],

    "rollup": ["rollup@4.60.2", "", { "dependencies": { "@types/estree": "1.0.8" }, "optionalDependencies": { "@rollup/rollup-android-arm-eabi": "4.60.2", "@rollup/rollup-android-arm64": "4.60.2", "@rollup/rollup-darwin-arm64": "4.60.2", "@rollup/rollup-darwin-x64": "4.60.2", "@rollup/rollup-freebsd-arm64": "4.60.2", "@rollup/rollup-freebsd-x64": "4.60.2", "@rollup/rollup-linux-arm-gnueabihf": "4.60.2", "@rollup/rollup-linux-arm-musleabihf": "4.60.2", "@rollup/rollup-linux-arm64-gnu": "4.60.2", "@rollup/rollup-linux-arm64-musl": "4.60.2", "@rollup/rollup-linux-loong64-gnu": "4.60.2", "@rollup/rollup-linux-loong64-musl": "4.60.2", "@rollup/rollup-linux-ppc64-gnu": "4.60.2", "@rollup/rollup-linux-ppc64-musl": "4.60.2", "@rollup/rollup-linux-riscv64-gnu": "4.60.2", "@rollup/rollup-linux-riscv64-musl": "4.60.2", "@rollup/rollup-linux-s390x-gnu": "4.60.2", "@rollup/rollup-linux-x64-gnu": "4.60.2", "@rollup/rollup-linux-x64-musl": "4.60.2", "@rollup/rollup-openbsd-x64": "4.60.2", "@rollup/rollup-openharmony-arm64": "4.60.2", "@rollup/rollup-win32-arm64-msvc": "4.60.2", "@rollup/rollup-win32-ia32-msvc": "4.60.2", "@rollup/rollup-win32-x64-gnu": "4.60.2", "@rollup/rollup-win32-x64-msvc": "4.60.2", "fsevents": "~2.3.2" }, "bin": { "rollup": "dist/bin/rollup" } }, "sha512-J9qZyW++QK/09NyN/zeO0dG/1GdGfyp9lV8ajHnRVLfo/uFsbji5mHnDgn/qYdUHyCkM2N+8VyspgZclfAh0eQ=="],

    "source-map-js": ["source-map-js@1.2.1", "", {}, "sha512-UXWMKhLOwVKb728IUtQPXxfYU+usdybtUrK/8uGE8CQMvrhOpwvzDBwj0QhSL7MQc7vIsISBG8VQ8+IDQxpfQA=="],

    "tinyglobby": ["tinyglobby@0.2.16", "", { "dependencies": { "fdir": "^6.5.0", "picomatch": "^4.0.4" } }, "sha512-pn99VhoACYR8nFHhxqix+uvsbXineAasWm5ojXoN8xEwK5Kd3/TrhNn1wByuD52UxWRLy8pu+kRMniEi6Eq9Zg=="],

    "tweetnacl": ["tweetnacl@1.0.3", "", {}, "sha512-6rt+RN7aOi1nGMyC4Xa5DdYiukl2UWCbcJft7YhxReBGQD7OAM8Pbxw6YMo4r2diNEA8FEmu32YOn9rhaiE5yw=="],

    "typescript": ["typescript@5.9.3", "", { "bin": { "tsc": "bin/tsc", "tsserver": "bin/tsserver" } }, "sha512-jl1vZzPDinLr9eUt3J/t7V6FgNEw9QjvBPdysz9KfQDD41fQrC2Y4vKQdiaUpFT4bXlb1RHhLpp8wtm6M5TgSw=="],

    "undici-types": ["undici-types@6.21.0", "", {}, "sha512-iwDZqg0QAGrg9Rav5H4n0M64c3mkR59cJ6wQp+7C4nI0gsmExaedaYLNO44eT4AtBBwjbTiGPMlt2Md0T9H9JQ=="],

    "vite": ["vite@7.3.2", "", { "dependencies": { "esbuild": "^0.27.0", "fdir": "^6.5.0", "picomatch": "^4.0.3", "postcss": "^8.5.6", "rollup": "^4.43.0", "tinyglobby": "^0.2.15" }, "optionalDependencies": { "fsevents": "~2.3.3" }, "peerDependencies": { "@types/node": "^20.19.0 || >=22.12.0", "jiti": ">=1.21.0", "less": "^4.0.0", "lightningcss": "^1.21.0", "sass": "^1.70.0", "sass-embedded": "^1.70.0", "stylus": ">=0.54.8", "sugarss": "^5.0.0", "terser": "^5.16.0", "tsx": "^4.8.1", "yaml": "^2.4.2" }, "optionalPeers": ["@types/node", "jiti", "less", "lightningcss", "sass", "sass-embedded", "stylus", "sugarss", "terser", "tsx", "yaml"], "bin": { "vite": "bin/vite.js" } }, "sha512-Bby3NOsna2jsjfLVOHKes8sGwgl4TT0E6vvpYgnAYDIF/tie7MRaFthmKuHx1NSXjiTueXH3do80FMQgvEktRg=="],

    "vscode-uri": ["vscode-uri@3.1.0", "", {}, "sha512-/BpdSx+yCQGnCvecbyXdxHDkuk55/G3xwnC0GqY4gmQ3j+A+g8kzzgB4Nk/SINjqn6+waqw3EgbVF2QKExkRxQ=="],

    "vue": ["vue@3.5.33", "", { "dependencies": { "@vue/compiler-dom": "3.5.33", "@vue/compiler-sfc": "3.5.33", "@vue/runtime-dom": "3.5.33", "@vue/server-renderer": "3.5.33", "@vue/shared": "3.5.33" }, "peerDependencies": { "typescript": "*" }, "optionalPeers": ["typescript"] }, "sha512-1AgChhx5w3ALgT4oK3acm2Es/7jyZhWSVUfs3rOBlGQC0rjEDkS7G4lWlJJGGNQD+BV3reCwbQrOe1mPNwKHBQ=="],

    "vue-tsc": ["vue-tsc@2.2.12", "", { "dependencies": { "@volar/typescript": "2.4.15", "@vue/language-core": "2.2.12" }, "peerDependencies": { "typescript": ">=5.0.0" }, "bin": { "vue-tsc": "./bin/vue-tsc.js" } }, "sha512-P7OP77b2h/Pmk+lZdJ0YWs+5tJ6J2+uOQPo7tlBnY44QqQSPYvS0qVT4wqDJgwrZaLe47etJLLQRFia71GYITw=="],

    "yaml": ["yaml@2.8.3", "", { "bin": { "yaml": "bin.mjs" } }, "sha512-AvbaCLOO2Otw/lW5bmh9d/WEdcDFdQp2Z2ZUH3pX9U2ihyUY0nvLv7J6TrWowklRGPYbB/IuIMfYgxaCPg5Bpg=="],
  }
}
