{
  "lockfileVersion": 1,
  "configVersion": 1,
  "workspaces": {
    "": {
      "name": "@synadia-ai/nats-ai-testui",
      "dependencies": {
        "@nats-io/transport-node": "^3.4.0",
        "@synadia-ai/agents": "^0.5.1",
      },
      "devDependencies": {
        "@types/bun": "latest",
        "@vitejs/plugin-vue": "^6.0.1",
        "@vue/tsconfig": "^0.7.0",
        "dompurify": "^3.3.1",
        "highlight.js": "^11.11.1",
        "marked": "^17.0.1",
        "typescript": "^5.6.0",
        "vite": "^7.2.4",
        "vue": "^3.5.24",
        "vue-tsc": "^2.1.10",
      },
    },
  },
  "packages": {
    "@babel/helper-string-parser": ["@babel/helper-string-parser@7.27.1", "", {}, "sha512-qMlSxKbpRlAridDExk92nSobyDdpPijUq2DW6oDnUqd0iOGxmQjyqhMIihI9+zv4LPyZdRje2cavWPbCbWm3eA=="],

    "@babel/helper-validator-identifier": ["@babel/helper-validator-identifier@7.28.5", "", {}, "sha512-qSs4ifwzKJSV39ucNjsvc6WVHs6b7S03sOh2OcHF9UHfVPqWWALUsNUVzhSBiItjRZoLHx7nIarVjqKVusUZ1Q=="],

    "@babel/parser": ["@babel/parser@7.29.3", "", { "dependencies": { "@babel/types": "^7.29.0" }, "bin": "./bin/babel-parser.js" }, "sha512-b3ctpQwp+PROvU/cttc4OYl4MzfJUWy6FZg+PMXfzmt/+39iHVF0sDfqay8TQM3JA2EUOyKcFZt75jWriQijsA=="],

    "@babel/types": ["@babel/types@7.29.0", "", { "dependencies": { "@babel/helper-string-parser": "^7.27.1", "@babel/helper-validator-identifier": "^7.28.5" } }, "sha512-LwdZHpScM4Qz8Xw2iKSzS+cfglZzJGvofQICy7W7v4caru4EaAmyUuO6BGrbyQ2mYV11W0U8j5mBhd14dd3B0A=="],

    "@esbuild/aix-ppc64": ["@esbuild/aix-ppc64@0.27.7", "", { "os": "aix", "cpu": "ppc64" }, "sha512-EKX3Qwmhz1eMdEJokhALr0YiD0lhQNwDqkPYyPhiSwKrh7/4KRjQc04sZ8db+5DVVnZ1LmbNDI1uAMPEUBnQPg=="],

    "@esbuild/android-arm": ["@esbuild/android-arm@0.27.7", "", { "os": "android", "cpu": "arm" }, "sha512-jbPXvB4Yj2yBV7HUfE2KHe4GJX51QplCN1pGbYjvsyCZbQmies29EoJbkEc+vYuU5o45AfQn37vZlyXy4YJ8RQ=="],

    "@esbuild/android-arm64": ["@esbuild/android-arm64@0.27.7", "", { "os": "android", "cpu": "arm64" }, "sha512-62dPZHpIXzvChfvfLJow3q5dDtiNMkwiRzPylSCfriLvZeq0a1bWChrGx/BbUbPwOrsWKMn8idSllklzBy+dgQ=="],

    "@esbuild/android-x64": ["@esbuild/android-x64@0.27.7", "", { "os": "android", "cpu": "x64" }, "sha512-x5VpMODneVDb70PYV2VQOmIUUiBtY3D3mPBG8NxVk5CogneYhkR7MmM3yR/uMdITLrC1ml/NV1rj4bMJuy9MCg=="],

    "@esbuild/darwin-arm64": ["@esbuild/darwin-arm64@0.27.7", "", { "os": "darwin", "cpu": "arm64" }, "sha512-5lckdqeuBPlKUwvoCXIgI2D9/ABmPq3Rdp7IfL70393YgaASt7tbju3Ac+ePVi3KDH6N2RqePfHnXkaDtY9fkw=="],

    "@esbuild/darwin-x64": ["@esbuild/darwin-x64@0.27.7", "", { "os": "darwin", "cpu": "x64" }, "sha512-rYnXrKcXuT7Z+WL5K980jVFdvVKhCHhUwid+dDYQpH+qu+TefcomiMAJpIiC2EM3Rjtq0sO3StMV/+3w3MyyqQ=="],

    "@esbuild/freebsd-arm64": ["@esbuild/freebsd-arm64@0.27.7", "", { "os": "freebsd", "cpu": "arm64" }, "sha512-B48PqeCsEgOtzME2GbNM2roU29AMTuOIN91dsMO30t+Ydis3z/3Ngoj5hhnsOSSwNzS+6JppqWsuhTp6E82l2w=="],

    "@esbuild/freebsd-x64": ["@esbuild/freebsd-x64@0.27.7", "", { "os": "freebsd", "cpu": "x64" }, "sha512-jOBDK5XEjA4m5IJK3bpAQF9/Lelu/Z9ZcdhTRLf4cajlB+8VEhFFRjWgfy3M1O4rO2GQ/b2dLwCUGpiF/eATNQ=="],

    "@esbuild/linux-arm": ["@esbuild/linux-arm@0.27.7", "", { "os": "linux", "cpu": "arm" }, "sha512-RkT/YXYBTSULo3+af8Ib0ykH8u2MBh57o7q/DAs3lTJlyVQkgQvlrPTnjIzzRPQyavxtPtfg0EopvDyIt0j1rA=="],

    "@esbuild/linux-arm64": ["@esbuild/linux-arm64@0.27.7", "", { "os": "linux", "cpu": "arm64" }, "sha512-RZPHBoxXuNnPQO9rvjh5jdkRmVizktkT7TCDkDmQ0W2SwHInKCAV95GRuvdSvA7w4VMwfCjUiPwDi0ZO6Nfe9A=="],

    "@esbuild/linux-ia32": ["@esbuild/linux-ia32@0.27.7", "", { "os": "linux", "cpu": "ia32" }, "sha512-GA48aKNkyQDbd3KtkplYWT102C5sn/EZTY4XROkxONgruHPU72l+gW+FfF8tf2cFjeHaRbWpOYa/uRBz/Xq1Pg=="],

    "@esbuild/linux-loong64": ["@esbuild/linux-loong64@0.27.7", "", { "os": "linux", "cpu": "none" }, "sha512-a4POruNM2oWsD4WKvBSEKGIiWQF8fZOAsycHOt6JBpZ+JN2n2JH9WAv56SOyu9X5IqAjqSIPTaJkqN8F7XOQ5Q=="],

    "@esbuild/linux-mips64el": ["@esbuild/linux-mips64el@0.27.7", "", { "os": "linux", "cpu": "none" }, "sha512-KabT5I6StirGfIz0FMgl1I+R1H73Gp0ofL9A3nG3i/cYFJzKHhouBV5VWK1CSgKvVaG4q1RNpCTR2LuTVB3fIw=="],

    "@esbuild/linux-ppc64": ["@esbuild/linux-ppc64@0.27.7", "", { "os": "linux", "cpu": "ppc64" }, "sha512-gRsL4x6wsGHGRqhtI+ifpN/vpOFTQtnbsupUF5R5YTAg+y/lKelYR1hXbnBdzDjGbMYjVJLJTd2OFmMewAgwlQ=="],

    "@esbuild/linux-riscv64": ["@esbuild/linux-riscv64@0.27.7", "", { "os": "linux", "cpu": "none" }, "sha512-hL25LbxO1QOngGzu2U5xeXtxXcW+/GvMN3ejANqXkxZ/opySAZMrc+9LY/WyjAan41unrR3YrmtTsUpwT66InQ=="],

    "@esbuild/linux-s390x": ["@esbuild/linux-s390x@0.27.7", "", { "os": "linux", "cpu": "s390x" }, "sha512-2k8go8Ycu1Kb46vEelhu1vqEP+UeRVj2zY1pSuPdgvbd5ykAw82Lrro28vXUrRmzEsUV0NzCf54yARIK8r0fdw=="],

    "@esbuild/linux-x64": ["@esbuild/linux-x64@0.27.7", "", { "os": "linux", "cpu": "x64" }, "sha512-hzznmADPt+OmsYzw1EE33ccA+HPdIqiCRq7cQeL1Jlq2gb1+OyWBkMCrYGBJ+sxVzve2ZJEVeePbLM2iEIZSxA=="],

    "@esbuild/netbsd-arm64": ["@esbuild/netbsd-arm64@0.27.7", "", { "os": "none", "cpu": "arm64" }, "sha512-b6pqtrQdigZBwZxAn1UpazEisvwaIDvdbMbmrly7cDTMFnw/+3lVxxCTGOrkPVnsYIosJJXAsILG9XcQS+Yu6w=="],

    "@esbuild/netbsd-x64": ["@esbuild/netbsd-x64@0.27.7", "", { "os": "none", "cpu": "x64" }, "sha512-OfatkLojr6U+WN5EDYuoQhtM+1xco+/6FSzJJnuWiUw5eVcicbyK3dq5EeV/QHT1uy6GoDhGbFpprUiHUYggrw=="],

    "@esbuild/openbsd-arm64": ["@esbuild/openbsd-arm64@0.27.7", "", { "os": "openbsd", "cpu": "arm64" }, "sha512-AFuojMQTxAz75Fo8idVcqoQWEHIXFRbOc1TrVcFSgCZtQfSdc1RXgB3tjOn/krRHENUB4j00bfGjyl2mJrU37A=="],

    "@esbuild/openbsd-x64": ["@esbuild/openbsd-x64@0.27.7", "", { "os": "openbsd", "cpu": "x64" }, "sha512-+A1NJmfM8WNDv5CLVQYJ5PshuRm/4cI6WMZRg1by1GwPIQPCTs1GLEUHwiiQGT5zDdyLiRM/l1G0Pv54gvtKIg=="],

    "@esbuild/openharmony-arm64": ["@esbuild/openharmony-arm64@0.27.7", "", { "os": "none", "cpu": "arm64" }, "sha512-+KrvYb/C8zA9CU/g0sR6w2RBw7IGc5J2BPnc3dYc5VJxHCSF1yNMxTV5LQ7GuKteQXZtspjFbiuW5/dOj7H4Yw=="],

    "@esbuild/sunos-x64": ["@esbuild/sunos-x64@0.27.7", "", { "os": "sunos", "cpu": "x64" }, "sha512-ikktIhFBzQNt/QDyOL580ti9+5mL/YZeUPKU2ivGtGjdTYoqz6jObj6nOMfhASpS4GU4Q/Clh1QtxWAvcYKamA=="],

    "@esbuild/win32-arm64": ["@esbuild/win32-arm64@0.27.7", "", { "os": "win32", "cpu": "arm64" }, "sha512-7yRhbHvPqSpRUV7Q20VuDwbjW5kIMwTHpptuUzV+AA46kiPze5Z7qgt6CLCK3pWFrHeNfDd1VKgyP4O+ng17CA=="],

    "@esbuild/win32-ia32": ["@esbuild/win32-ia32@0.27.7", "", { "os": "win32", "cpu": "ia32" }, "sha512-SmwKXe6VHIyZYbBLJrhOoCJRB/Z1tckzmgTLfFYOfpMAx63BJEaL9ExI8x7v0oAO3Zh6D/Oi1gVxEYr5oUCFhw=="],

    "@esbuild/win32-x64": ["@esbuild/win32-x64@0.27.7", "", { "os": "win32", "cpu": "x64" }, "sha512-56hiAJPhwQ1R4i+21FVF7V8kSD5zZTdHcVuRFMW0hn753vVfQN8xlx4uOPT4xoGH0Z/oVATuR82AiqSTDIpaHg=="],

    "@jridgewell/sourcemap-codec": ["@jridgewell/sourcemap-codec@1.5.5", "", {}, "sha512-cYQ9310grqxueWbl+WuIUIaiUaDcj7WOq5fVhEljNVgRfOUhY9fy2zTvfoqWsnebh8Sl70VScFbICvJnLKB0Og=="],

    "@nats-io/nats-core": ["@nats-io/nats-core@3.4.0", "", { "dependencies": { "@nats-io/nkeys": "2.0.3", "@nats-io/nuid": "3.0.0" } }, "sha512-QMDM86EUNm+wudlKC67HLar/KHHQUvJGLfb4jbahje3pUk3K9afeck9fwsxBZF0eUFox6T/TA6m/t+lQqf+QsQ=="],

    "@nats-io/nkeys": ["@nats-io/nkeys@2.0.3", "", { "dependencies": { "tweetnacl": "^1.0.3" } }, "sha512-JVt56GuE6Z89KUkI4TXUbSI9fmIfAmk6PMPknijmuL72GcD+UgIomTcRWiNvvJKxA01sBbmIPStqJs5cMRBC3A=="],

    "@nats-io/nuid": ["@nats-io/nuid@3.0.0", "", {}, "sha512-QbXZDrxmYlrn5AD06gYcUTmEHwxn96HBQMIk7XTjDlEcx6FPzVBBPjp4AMRh1lEv6B4iJ6Xb/Uz61JugPXFRQg=="],

    "@nats-io/services": ["@nats-io/services@3.4.0", "", { "dependencies": { "@nats-io/nats-core": "3.4.0" } }, "sha512-hS9l4F5VCbdg4u7/qgEUU9gtQ+ZOLJxtj+lJj0oSw7Okkm0fLkYq6odbobFa50IGkghfLrzag95dWHSF8F8+CA=="],

    "@nats-io/transport-node": ["@nats-io/transport-node@3.4.0", "", { "dependencies": { "@nats-io/nats-core": "3.4.0", "@nats-io/nkeys": "2.0.3", "@nats-io/nuid": "3.0.0" } }, "sha512-hH7u7ejIBTFEJIZ8rIcMrHJI6wl+HhpO5sVFs1+ppmXa8RuB2+Lh1+UwTzZ5xTNNm1TKcRkYy+2qCV56qp8RxA=="],

    "@rolldown/pluginutils": ["@rolldown/pluginutils@1.0.0-rc.13", "", {}, "sha512-3ngTAv6F/Py35BsYbeeLeecvhMKdsKm4AoOETVhAA+Qc8nrA2I0kF7oa93mE9qnIurngOSpMnQ0x2nQY2FPviA=="],

    "@rollup/rollup-android-arm-eabi": ["@rollup/rollup-android-arm-eabi@4.60.3", "", { "os": "android", "cpu": "arm" }, "sha512-x35CNW/ANXG3hE/EZpRU8MXX1JDN86hBb2wMGAtltkz7pc6cxgjpy1OMMfDosOQ+2hWqIkag/fGok1Yady9nGw=="],

    "@rollup/rollup-android-arm64": ["@rollup/rollup-android-arm64@4.60.3", "", { "os": "android", "cpu": "arm64" }, "sha512-xw3xtkDApIOGayehp2+Rz4zimfkaX65r4t47iy+ymQB2G4iJCBBfj0ogVg5jpvjpn8UWn/+q9tprxleYeNp3Hw=="],

    "@rollup/rollup-darwin-arm64": ["@rollup/rollup-darwin-arm64@4.60.3", "", { "os": "darwin", "cpu": "arm64" }, "sha512-vo6Y5Qfpx7/5EaamIwi0WqW2+zfiusVihKatLvtN1VFVy3D13uERk/6gZLU1UiHRL6fDXqj/ELIeVRGnvcTE1g=="],

    "@rollup/rollup-darwin-x64": ["@rollup/rollup-darwin-x64@4.60.3", "", { "os": "darwin", "cpu": "x64" }, "sha512-D+0QGcZhBzTN82weOnsSlY7V7+RMmPuF1CkbxyMAGE8+ZHeUjyb76ZiWmBlCu//AQQONvxcqRbwZTajZKqjuOw=="],

    "@rollup/rollup-freebsd-arm64": ["@rollup/rollup-freebsd-arm64@4.60.3", "", { "os": "freebsd", "cpu": "arm64" }, "sha512-6HnvHCT7fDyj6R0Ph7A6x8dQS/S38MClRWeDLqc0MdfWkxjiu1HSDYrdPhqSILzjTIC/pnXbbJbo+ft+gy/9hQ=="],

    "@rollup/rollup-freebsd-x64": ["@rollup/rollup-freebsd-x64@4.60.3", "", { "os": "freebsd", "cpu": "x64" }, "sha512-KHLgC3WKlUYW3ShFKnnosZDOJ0xjg9zp7au3sIm2bs/tGBeC2ipmvRh/N7JKi0t9Ue20C0dpEshi8WUubg+cnA=="],

    "@rollup/rollup-linux-arm-gnueabihf": ["@rollup/rollup-linux-arm-gnueabihf@4.60.3", "", { "os": "linux", "cpu": "arm" }, "sha512-DV6fJoxEYWJOvaZIsok7KrYl0tPvga5OZ2yvKHNNYyk/2roMLqQAbGhr78EQ5YhHpnhLKJD3S1WFusAkmUuV5g=="],

    "@rollup/rollup-linux-arm-musleabihf": ["@rollup/rollup-linux-arm-musleabihf@4.60.3", "", { "os": "linux", "cpu": "arm" }, "sha512-mQKoJAzvuOs6F+TZybQO4GOTSMUu7v0WdxEk24krQ/uUxXoPTtHjuaUuPmFhtBcM4K0ons8nrE3JyhTuCFtT/w=="],

    "@rollup/rollup-linux-arm64-gnu": ["@rollup/rollup-linux-arm64-gnu@4.60.3", "", { "os": "linux", "cpu": "arm64" }, "sha512-Whjj2qoiJ6+OOJMGptTYazaJvjOJm+iKHpXQM1P3LzGjt7Ff++Tp7nH4N8J/BUA7R9IHfDyx4DJIflifwnbmIA=="],

    "@rollup/rollup-linux-arm64-musl": ["@rollup/rollup-linux-arm64-musl@4.60.3", "", { "os": "linux", "cpu": "arm64" }, "sha512-4YTNHKqGng5+yiZt3mg77nmyuCfmNfX4fPmyUapBcIk+BdwSwmCWGXOUxhXbBEkFHtoN5boLj/5NON+u5QC9tg=="],

    "@rollup/rollup-linux-loong64-gnu": ["@rollup/rollup-linux-loong64-gnu@4.60.3", "", { "os": "linux", "cpu": "none" }, "sha512-SU3kNlhkpI4UqlUc2VXPGK9o886ZsSeGfMAX2ba2b8DKmMXq4AL7KUrkSWVbb7koVqx41Yczx6dx5PNargIrEA=="],

    "@rollup/rollup-linux-loong64-musl": ["@rollup/rollup-linux-loong64-musl@4.60.3", "", { "os": "linux", "cpu": "none" }, "sha512-6lDLl5h4TXpB1mTf2rQWnAk/LcXrx9vBfu/DT5TIPhvMhRWaZ5MxkIc8u4lJAmBo6klTe1ywXIUHFjylW505sg=="],

    "@rollup/rollup-linux-ppc64-gnu": ["@rollup/rollup-linux-ppc64-gnu@4.60.3", "", { "os": "linux", "cpu": "ppc64" }, "sha512-BMo8bOw8evlup/8G+cj5xWtPyp93xPdyoSN16Zy90Q2QZ0ZYRhCt6ZJSwbrRzG9HApFabjwj2p25TUPDWrhzqQ=="],

    "@rollup/rollup-linux-ppc64-musl": ["@rollup/rollup-linux-ppc64-musl@4.60.3", "", { "os": "linux", "cpu": "ppc64" }, "sha512-E0L8X1dZN1/Rph+5VPF6Xj2G7JJvMACVXtamTJIDrVI44Y3K+G8gQaMEAavbqCGTa16InptiVrX6eM6pmJ+7qA=="],

    "@rollup/rollup-linux-riscv64-gnu": ["@rollup/rollup-linux-riscv64-gnu@4.60.3", "", { "os": "linux", "cpu": "none" }, "sha512-oZJ/WHaVfHUiRAtmTAeo3DcevNsVvH8mbvodjZy7D5QKvCefO371SiKRpxoDcCxB3PTRTLayWBkvmDQKTcX/sw=="],

    "@rollup/rollup-linux-riscv64-musl": ["@rollup/rollup-linux-riscv64-musl@4.60.3", "", { "os": "linux", "cpu": "none" }, "sha512-Dhbyh7j9FybM3YaTgaHmVALwA8AkUwTPccyCQ79TG9AJUsMQqgN1DDEZNr4+QUfwiWvLDumW5vdwzoeUF+TNxQ=="],

    "@rollup/rollup-linux-s390x-gnu": ["@rollup/rollup-linux-s390x-gnu@4.60.3", "", { "os": "linux", "cpu": "s390x" }, "sha512-cJd1X5XhHHlltkaypz1UcWLA8AcoIi1aWhsvaWDskD1oz2eKCypnqvTQ8ykMNI0RSmm7NkTdSqSSD7zM0xa6Ig=="],

    "@rollup/rollup-linux-x64-gnu": ["@rollup/rollup-linux-x64-gnu@4.60.3", "", { "os": "linux", "cpu": "x64" }, "sha512-DAZDBHQfG2oQuhY7mc6I3/qB4LU2fQCjRvxbDwd/Jdvb9fypP4IJ4qmtu6lNjes6B531AI8cg1aKC2di97bUxA=="],

    "@rollup/rollup-linux-x64-musl": ["@rollup/rollup-linux-x64-musl@4.60.3", "", { "os": "linux", "cpu": "x64" }, "sha512-cRxsE8c13mZOh3vP+wLDxpQBRrOHDIGOWyDL93Sy0Ga8y515fBcC2pjUfFwUe5T7tqvTvWbCpg1URM/AXdWIXA=="],

    "@rollup/rollup-openbsd-x64": ["@rollup/rollup-openbsd-x64@4.60.3", "", { "os": "openbsd", "cpu": "x64" }, "sha512-QaWcIgRxqEdQdhJqW4DJctsH6HCmo5vHxY0krHSX4jMtOqfzC+dqDGuHM87bu4H8JBeibWx7jFz+h6/4C8wA5Q=="],

    "@rollup/rollup-openharmony-arm64": ["@rollup/rollup-openharmony-arm64@4.60.3", "", { "os": "none", "cpu": "arm64" }, "sha512-AaXwSvUi3QIPtroAUw1t5yHGIyqKEXwH54WUocFolZhpGDruJcs8c+xPNDRn4XiQsS7MEwnYsHW2l0MBLDMkWg=="],

    "@rollup/rollup-win32-arm64-msvc": ["@rollup/rollup-win32-arm64-msvc@4.60.3", "", { "os": "win32", "cpu": "arm64" }, "sha512-65LAKM/bAWDqKNEelHlcHvm2V+Vfb8C6INFxQXRHCvaVN1rJfwr4NvdP4FyzUaLqWfaCGaadf6UbTm8xJeYfEg=="],

    "@rollup/rollup-win32-ia32-msvc": ["@rollup/rollup-win32-ia32-msvc@4.60.3", "", { "os": "win32", "cpu": "ia32" }, "sha512-EEM2gyhBF5MFnI6vMKdX1LAosE627RGBzIoGMdLloPZkXrUN0Ckqgr2Qi8+J3zip/8NVVro3/FjB+tjhZUgUHA=="],

    "@rollup/rollup-win32-x64-gnu": ["@rollup/rollup-win32-x64-gnu@4.60.3", "", { "os": "win32", "cpu": "x64" }, "sha512-E5Eb5H/DpxaoXH++Qkv28RcUJboMopmdDUALBczvHMf7hNIxaDZqwY5lK12UK1BHacSmvupoEWGu+n993Z0y1A=="],

    "@rollup/rollup-win32-x64-msvc": ["@rollup/rollup-win32-x64-msvc@4.60.3", "", { "os": "win32", "cpu": "x64" }, "sha512-hPt/bgL5cE+Qp+/TPHBqptcAgPzgj46mPcg/16zNUmbQk0j+mOEQV/+Lqu8QRtDV3Ek95Q6FeFITpuhl6OTsAA=="],

    "@synadia-ai/agents": ["@synadia-ai/agents@0.5.1", "", { "dependencies": { "@nats-io/nats-core": "^3.4.0", "@nats-io/services": "^3.4.0", "@nats-io/transport-node": "^3.4.0" } }, "sha512-G5kjf4pVbKkAiyk7l/6ACHQ/xistiQ4mKBeDjwhIJ44eFby0ltyeWrvkmkRSDON64kT0pu5UxliBdTc8h9n0DA=="],

    "@types/bun": ["@types/bun@1.3.13", "", { "dependencies": { "bun-types": "1.3.13" } }, "sha512-9fqXWk5YIHGGnUau9TEi+qdlTYDAnOj+xLCmSTwXfAIqXr2x4tytJb43E9uCvt09zJURKXwAtkoH4nLQfzeTXw=="],

    "@types/estree": ["@types/estree@1.0.8", "", {}, "sha512-dWHzHa2WqEXI/O1E9OjrocMTKJl2mSrEolh1Iomrv6U+JuNwaHXsXx9bLu5gG7BUWFIN0skIQJQ/L1rIex4X6w=="],

    "@types/node": ["@types/node@20.19.40", "", { "dependencies": { "undici-types": "~6.21.0" } }, "sha512-xxx6M2IpSTnnKcR0cMvIiohkiCx20/oRPtWGbenFygKCGl3zqUzdNjQ/1V4solq1LU+dgv0nQzeGOuqkqZGg0Q=="],

    "@types/trusted-types": ["@types/trusted-types@2.0.7", "", {}, "sha512-ScaPdn1dQczgbl0QFTeTOmVHFULt394XJgOQNoyVhZ6r2vLnMLJfBPd53SB52T/3G36VI1/g2MZaX0cwDuXsfw=="],

    "@vitejs/plugin-vue": ["@vitejs/plugin-vue@6.0.6", "", { "dependencies": { "@rolldown/pluginutils": "1.0.0-rc.13" }, "peerDependencies": { "vite": "^5.0.0 || ^6.0.0 || ^7.0.0 || ^8.0.0", "vue": "^3.2.25" } }, "sha512-u9HHgfrq3AjXlysn0eINFnWQOJQLO9WN6VprZ8FXl7A2bYisv3Hui9Ij+7QZ41F/WYWarHjwBbXtD7dKg3uxbg=="],

    "@volar/language-core": ["@volar/language-core@2.4.15", "", { "dependencies": { "@volar/source-map": "2.4.15" } }, "sha512-3VHw+QZU0ZG9IuQmzT68IyN4hZNd9GchGPhbD9+pa8CVv7rnoOZwo7T8weIbrRmihqy3ATpdfXFnqRrfPVK6CA=="],

    "@volar/source-map": ["@volar/source-map@2.4.15", "", {}, "sha512-CPbMWlUN6hVZJYGcU/GSoHu4EnCHiLaXI9n8c9la6RaI9W5JHX+NqG+GSQcB0JdC2FIBLdZJwGsfKyBB71VlTg=="],

    "@volar/typescript": ["@volar/typescript@2.4.15", "", { "dependencies": { "@volar/language-core": "2.4.15", "path-browserify": "^1.0.1", "vscode-uri": "^3.0.8" } }, "sha512-2aZ8i0cqPGjXb4BhkMsPYDkkuc2ZQ6yOpqwAuNwUoncELqoy5fRgOQtLR9gB0g902iS0NAkvpIzs27geVyVdPg=="],

    "@vue/compiler-core": ["@vue/compiler-core@3.5.34", "", { "dependencies": { "@babel/parser": "^7.29.3", "@vue/shared": "3.5.34", "entities": "^7.0.1", "estree-walker": "^2.0.2", "source-map-js": "^1.2.1" } }, "sha512-s9cLyK5mLcvZ4Agva5QgRsQyLKvts9WbU9DB6NqiZkkGEdwmcEiylj5Jbwkp680drF/NNCV8OlAJSe+yMLxaJw=="],

    "@vue/compiler-dom": ["@vue/compiler-dom@3.5.34", "", { "dependencies": { "@vue/compiler-core": "3.5.34", "@vue/shared": "3.5.34" } }, "sha512-EbF/T++k0e2MMZlJsBhzK8Sgwt0HcIPOhzn1CTB/lv6sQcyk+OWf8YeiLxZp3ro7MbbLcAfAJ6sEvjFWuNgUCw=="],

    "@vue/compiler-sfc": ["@vue/compiler-sfc@3.5.34", "", { "dependencies": { "@babel/parser": "^7.29.3", "@vue/compiler-core": "3.5.34", "@vue/compiler-dom": "3.5.34", "@vue/compiler-ssr": "3.5.34", "@vue/shared": "3.5.34", "estree-walker": "^2.0.2", "magic-string": "^0.30.21", "postcss": "^8.5.14", "source-map-js": "^1.2.1" } }, "sha512-D/ihr6uZeIt6r+pVZf46RWT1fAsLFMbUP7k8G1VkiiWexriED9GrX3echHd4Abbt17zjlfiFJ8z7a3BxZOPNjg=="],

    "@vue/compiler-ssr": ["@vue/compiler-ssr@3.5.34", "", { "dependencies": { "@vue/compiler-dom": "3.5.34", "@vue/shared": "3.5.34" } }, "sha512-cDtTHKibkThKGHH1SP+WdccquNRYQDFH6rRjQCqT9G2ltFAfoR5pUftpab/z+aM5mW9HLLVQW7hfKKQe/1GBeQ=="],

    "@vue/compiler-vue2": ["@vue/compiler-vue2@2.7.16", "", { "dependencies": { "de-indent": "^1.0.2", "he": "^1.2.0" } }, "sha512-qYC3Psj9S/mfu9uVi5WvNZIzq+xnXMhOwbTFKKDD7b1lhpnn71jXSFdTQ+WsIEk0ONCd7VV2IMm7ONl6tbQ86A=="],

    "@vue/language-core": ["@vue/language-core@2.2.12", "", { "dependencies": { "@volar/language-core": "2.4.15", "@vue/compiler-dom": "^3.5.0", "@vue/compiler-vue2": "^2.7.16", "@vue/shared": "^3.5.0", "alien-signals": "^1.0.3", "minimatch": "^9.0.3", "muggle-string": "^0.4.1", "path-browserify": "^1.0.1" }, "peerDependencies": { "typescript": "*" }, "optionalPeers": ["typescript"] }, "sha512-IsGljWbKGU1MZpBPN+BvPAdr55YPkj2nB/TBNGNC32Vy2qLG25DYu/NBN2vNtZqdRbTRjaoYrahLrToim2NanA=="],

    "@vue/reactivity": ["@vue/reactivity@3.5.34", "", { "dependencies": { "@vue/shared": "3.5.34" } }, "sha512-y9XDjCEuBp+98k+UL5dbYkh57AHU4o6cxZedOPXw3bmrZZYLQsVHguGurq7hVrPCSrQtrnz1f9dssyFr+dMXfQ=="],

    "@vue/runtime-core": ["@vue/runtime-core@3.5.34", "", { "dependencies": { "@vue/reactivity": "3.5.34", "@vue/shared": "3.5.34" } }, "sha512-mKeBYvu8tcMSLhypAHBmriUFfWXKTCF/23Z4jiCoYK3UtWepkliViNLuR90V9XOyD62mUxs9p1jsrpK3CCGIzw=="],

    "@vue/runtime-dom": ["@vue/runtime-dom@3.5.34", "", { "dependencies": { "@vue/reactivity": "3.5.34", "@vue/runtime-core": "3.5.34", "@vue/shared": "3.5.34", "csstype": "^3.2.3" } }, "sha512-e8kZzERmCwUnBRVsgSQlAfrfU2rGoy0FFKPBXSlfEjc/O3KfA7QP0t1/2ZylrbchjmIKB4dPTd07A6WPr0eOrg=="],

    "@vue/server-renderer": ["@vue/server-renderer@3.5.34", "", { "dependencies": { "@vue/compiler-ssr": "3.5.34", "@vue/shared": "3.5.34" }, "peerDependencies": { "vue": "3.5.34" } }, "sha512-nHxmJoTrKsmrkbILRhkC9gY1G3moZbJTqCzDd7DOOzG5KH9oeJ0Unqrff5f9v0pW//jES05ZkJcNtfE8JjOIew=="],

    "@vue/shared": ["@vue/shared@3.5.34", "", {}, "sha512-24uqU4OIiX29ryC3MeWid/Xf2fa2EFRUVLb77nRhk+UrTVrh/XiGtFAFmJBAtBRbjwNdsPRP+jj/OL27Eg1NDA=="],

    "@vue/tsconfig": ["@vue/tsconfig@0.7.0", "", { "peerDependencies": { "typescript": "5.x", "vue": "^3.4.0" }, "optionalPeers": ["typescript", "vue"] }, "sha512-ku2uNz5MaZ9IerPPUyOHzyjhXoX2kVJaVf7hL315DC17vS6IiZRmmCPfggNbU16QTvM80+uYYy3eYJB59WCtvg=="],

    "alien-signals": ["alien-signals@1.0.13", "", {}, "sha512-OGj9yyTnJEttvzhTUWuscOvtqxq5vrhF7vL9oS0xJ2mK0ItPYP1/y+vCFebfxoEyAz0++1AIwJ5CMr+Fk3nDmg=="],

    "balanced-match": ["balanced-match@1.0.2", "", {}, "sha512-3oSeUO0TMV67hN1AmbXsK4yaqU7tjiHlbxRDZOpH0KW9+CeX4bRAaX0Anxt0tx2MrpRpWwQaPwIlISEJhYU5Pw=="],

    "brace-expansion": ["brace-expansion@2.1.0", "", { "dependencies": { "balanced-match": "^1.0.0" } }, "sha512-TN1kCZAgdgweJhWWpgKYrQaMNHcDULHkWwQIspdtjV4Y5aurRdZpjAqn6yX3FPqTA9ngHCc4hJxMAMgGfve85w=="],

    "bun-types": ["bun-types@1.3.13", "", { "dependencies": { "@types/node": "*" } }, "sha512-QXKeHLlOLqQX9LgYaHJfzdBaV21T63HhFJnvuRCcjZiaUDpbs5ED1MgxbMra71CsryN/1dAoXuJJJwIv/2drVA=="],

    "csstype": ["csstype@3.2.3", "", {}, "sha512-z1HGKcYy2xA8AGQfwrn0PAy+PB7X/GSj3UVJW9qKyn43xWa+gl5nXmU4qqLMRzWVLFC8KusUX8T/0kCiOYpAIQ=="],

    "de-indent": ["de-indent@1.0.2", "", {}, "sha512-e/1zu3xH5MQryN2zdVaF0OrdNLUbvWxzMbi+iNA6Bky7l1RoP8a2fIbRocyHclXt/arDrrR6lL3TqFD9pMQTsg=="],

    "dompurify": ["dompurify@3.4.2", "", { "optionalDependencies": { "@types/trusted-types": "^2.0.7" } }, "sha512-lHeS9SA/IKeIFFyYciHBr2n0v1VMPlSj843HdLOwjb2OxNwdq9Xykxqhk+FE42MzAdHvInbAolSE4mhahPpjXA=="],

    "entities": ["entities@7.0.1", "", {}, "sha512-TWrgLOFUQTH994YUyl1yT4uyavY5nNB5muff+RtWaqNVCAK408b5ZnnbNAUEWLTCpum9w6arT70i1XdQ4UeOPA=="],

    "esbuild": ["esbuild@0.27.7", "", { "optionalDependencies": { "@esbuild/aix-ppc64": "0.27.7", "@esbuild/android-arm": "0.27.7", "@esbuild/android-arm64": "0.27.7", "@esbuild/android-x64": "0.27.7", "@esbuild/darwin-arm64": "0.27.7", "@esbuild/darwin-x64": "0.27.7", "@esbuild/freebsd-arm64": "0.27.7", "@esbuild/freebsd-x64": "0.27.7", "@esbuild/linux-arm": "0.27.7", "@esbuild/linux-arm64": "0.27.7", "@esbuild/linux-ia32": "0.27.7", "@esbuild/linux-loong64": "0.27.7", "@esbuild/linux-mips64el": "0.27.7", "@esbuild/linux-ppc64": "0.27.7", "@esbuild/linux-riscv64": "0.27.7", "@esbuild/linux-s390x": "0.27.7", "@esbuild/linux-x64": "0.27.7", "@esbuild/netbsd-arm64": "0.27.7", "@esbuild/netbsd-x64": "0.27.7", "@esbuild/openbsd-arm64": "0.27.7", "@esbuild/openbsd-x64": "0.27.7", "@esbuild/openharmony-arm64": "0.27.7", "@esbuild/sunos-x64": "0.27.7", "@esbuild/win32-arm64": "0.27.7", "@esbuild/win32-ia32": "0.27.7", "@esbuild/win32-x64": "0.27.7" }, "bin": { "esbuild": "bin/esbuild" } }, "sha512-IxpibTjyVnmrIQo5aqNpCgoACA/dTKLTlhMHihVHhdkxKyPO1uBBthumT0rdHmcsk9uMonIWS0m4FljWzILh3w=="],

    "estree-walker": ["estree-walker@2.0.2", "", {}, "sha512-Rfkk/Mp/DL7JVje3u18FxFujQlTNR2q6QfMSMB7AvCBx91NGj/ba3kCfza0f6dVDbw7YlRf/nDrn7pQrCCyQ/w=="],

    "fdir": ["fdir@6.5.0", "", { "peerDependencies": { "picomatch": "^3 || ^4" }, "optionalPeers": ["picomatch"] }, "sha512-tIbYtZbucOs0BRGqPJkshJUYdL+SDH7dVM8gjy+ERp3WAUjLEFJE+02kanyHtwjWOnwrKYBiwAmM0p4kLJAnXg=="],

    "fsevents": ["fsevents@2.3.3", "", { "os": "darwin" }, "sha512-5xoDfX+fL7faATnagmWPpbFtwh/R77WmMMqqHGS65C3vvB0YHrgF+B1YmZ3441tMj5n63k0212XNoJwzlhffQw=="],

    "he": ["he@1.2.0", "", { "bin": { "he": "bin/he" } }, "sha512-F/1DnUGPopORZi0ni+CvrCgHQ5FyEAHRLSApuYWMmrbSwoN2Mn/7k+Gl38gJnR7yyDZk6WLXwiGod1JOWNDKGw=="],

    "highlight.js": ["highlight.js@11.11.1", "", {}, "sha512-Xwwo44whKBVCYoliBQwaPvtd/2tYFkRQtXDWj1nackaV2JPXx3L0+Jvd8/qCJ2p+ML0/XVkJ2q+Mr+UVdpJK5w=="],

    "magic-string": ["magic-string@0.30.21", "", { "dependencies": { "@jridgewell/sourcemap-codec": "^1.5.5" } }, "sha512-vd2F4YUyEXKGcLHoq+TEyCjxueSeHnFxyyjNp80yg0XV4vUhnDer/lvvlqM/arB5bXQN5K2/3oinyCRyx8T2CQ=="],

    "marked": ["marked@17.0.6", "", { "bin": { "marked": "bin/marked.js" } }, "sha512-gB0gkNafnonOw0obSTEGZTT86IuhILt2Wfx0mWH/1Au83kybTayroZ/V6nS25mN7u8ASy+5fMhgB3XPNrOZdmA=="],

    "minimatch": ["minimatch@9.0.9", "", { "dependencies": { "brace-expansion": "^2.0.2" } }, "sha512-OBwBN9AL4dqmETlpS2zasx+vTeWclWzkblfZk7KTA5j3jeOONz/tRCnZomUyvNg83wL5Zv9Ss6HMJXAgL8R2Yg=="],

    "muggle-string": ["muggle-string@0.4.1", "", {}, "sha512-VNTrAak/KhO2i8dqqnqnAHOa3cYBwXEZe9h+D5h/1ZqFSTEFHdM65lR7RoIqq3tBBYavsOXV84NoHXZ0AkPyqQ=="],

    "nanoid": ["nanoid@3.3.12", "", { "bin": { "nanoid": "bin/nanoid.cjs" } }, "sha512-ZB9RH/39qpq5Vu6Y+NmUaFhQR6pp+M2Xt76XBnEwDaGcVAqhlvxrl3B2bKS5D3NH3QR76v3aSrKaF/Kiy7lEtQ=="],

    "path-browserify": ["path-browserify@1.0.1", "", {}, "sha512-b7uo2UCUOYZcnF/3ID0lulOJi/bafxa1xPe7ZPsammBSpjSWQkjNxlt635YGS2MiR9GjvuXCtz2emr3jbsz98g=="],

    "picocolors": ["picocolors@1.1.1", "", {}, "sha512-xceH2snhtb5M9liqDsmEw56le376mTZkEX/jEb/RxNFyegNul7eNslCXP9FDj/Lcu0X8KEyMceP2ntpaHrDEVA=="],

    "picomatch": ["picomatch@4.0.4", "", {}, "sha512-QP88BAKvMam/3NxH6vj2o21R6MjxZUAd6nlwAS/pnGvN9IVLocLHxGYIzFhg6fUQ+5th6P4dv4eW9jX3DSIj7A=="],

    "postcss": ["postcss@8.5.14", "", { "dependencies": { "nanoid": "^3.3.11", "picocolors": "^1.1.1", "source-map-js": "^1.2.1" } }, "sha512-SoSL4+OSEtR99LHFZQiJLkT59C5B1amGO1NzTwj7TT1qCUgUO6hxOvzkOYxD+vMrXBM3XJIKzokoERdqQq/Zmg=="],

    "rollup": ["rollup@4.60.3", "", { "dependencies": { "@types/estree": "1.0.8" }, "optionalDependencies": { "@rollup/rollup-android-arm-eabi": "4.60.3", "@rollup/rollup-android-arm64": "4.60.3", "@rollup/rollup-darwin-arm64": "4.60.3", "@rollup/rollup-darwin-x64": "4.60.3", "@rollup/rollup-freebsd-arm64": "4.60.3", "@rollup/rollup-freebsd-x64": "4.60.3", "@rollup/rollup-linux-arm-gnueabihf": "4.60.3", "@rollup/rollup-linux-arm-musleabihf": "4.60.3", "@rollup/rollup-linux-arm64-gnu": "4.60.3", "@rollup/rollup-linux-arm64-musl": "4.60.3", "@rollup/rollup-linux-loong64-gnu": "4.60.3", "@rollup/rollup-linux-loong64-musl": "4.60.3", "@rollup/rollup-linux-ppc64-gnu": "4.60.3", "@rollup/rollup-linux-ppc64-musl": "4.60.3", "@rollup/rollup-linux-riscv64-gnu": "4.60.3", "@rollup/rollup-linux-riscv64-musl": "4.60.3", "@rollup/rollup-linux-s390x-gnu": "4.60.3", "@rollup/rollup-linux-x64-gnu": "4.60.3", "@rollup/rollup-linux-x64-musl": "4.60.3", "@rollup/rollup-openbsd-x64": "4.60.3", "@rollup/rollup-openharmony-arm64": "4.60.3", "@rollup/rollup-win32-arm64-msvc": "4.60.3", "@rollup/rollup-win32-ia32-msvc": "4.60.3", "@rollup/rollup-win32-x64-gnu": "4.60.3", "@rollup/rollup-win32-x64-msvc": "4.60.3", "fsevents": "~2.3.2" }, "bin": { "rollup": "dist/bin/rollup" } }, "sha512-pAQK9HalE84QSm4Po3EmWIZPd3FnjkShVkiMlz1iligWYkWQ7wHYd1PF/T7QZ5TVSD6uSTon5gBVMSM4JfBV+A=="],

    "source-map-js": ["source-map-js@1.2.1", "", {}, "sha512-UXWMKhLOwVKb728IUtQPXxfYU+usdybtUrK/8uGE8CQMvrhOpwvzDBwj0QhSL7MQc7vIsISBG8VQ8+IDQxpfQA=="],

    "tinyglobby": ["tinyglobby@0.2.16", "", { "dependencies": { "fdir": "^6.5.0", "picomatch": "^4.0.4" } }, "sha512-pn99VhoACYR8nFHhxqix+uvsbXineAasWm5ojXoN8xEwK5Kd3/TrhNn1wByuD52UxWRLy8pu+kRMniEi6Eq9Zg=="],

    "tweetnacl": ["tweetnacl@1.0.3", "", {}, "sha512-6rt+RN7aOi1nGMyC4Xa5DdYiukl2UWCbcJft7YhxReBGQD7OAM8Pbxw6YMo4r2diNEA8FEmu32YOn9rhaiE5yw=="],

    "typescript": ["typescript@5.9.3", "", { "bin": { "tsc": "bin/tsc", "tsserver": "bin/tsserver" } }, "sha512-jl1vZzPDinLr9eUt3J/t7V6FgNEw9QjvBPdysz9KfQDD41fQrC2Y4vKQdiaUpFT4bXlb1RHhLpp8wtm6M5TgSw=="],

    "undici-types": ["undici-types@6.21.0", "", {}, "sha512-iwDZqg0QAGrg9Rav5H4n0M64c3mkR59cJ6wQp+7C4nI0gsmExaedaYLNO44eT4AtBBwjbTiGPMlt2Md0T9H9JQ=="],

    "vite": ["vite@7.3.3", "", { "dependencies": { "esbuild": "^0.27.0", "fdir": "^6.5.0", "picomatch": "^4.0.3", "postcss": "^8.5.6", "rollup": "^4.43.0", "tinyglobby": "^0.2.15" }, "optionalDependencies": { "fsevents": "~2.3.3" }, "peerDependencies": { "@types/node": "^20.19.0 || >=22.12.0", "jiti": ">=1.21.0", "less": "^4.0.0", "lightningcss": "^1.21.0", "sass": "^1.70.0", "sass-embedded": "^1.70.0", "stylus": ">=0.54.8", "sugarss": "^5.0.0", "terser": "^5.16.0", "tsx": "^4.8.1", "yaml": "^2.4.2" }, "optionalPeers": ["@types/node", "jiti", "less", "lightningcss", "sass", "sass-embedded", "stylus", "sugarss", "terser", "tsx", "yaml"], "bin": { "vite": "bin/vite.js" } }, "sha512-/4XH147Ui7OGTjg3HbdWe5arnZQSbfuRzdr9Ec7TQi5I7R+ir0Rlc9GIvD4v0XZurELqA035KVXJXpR61xhiTA=="],

    "vscode-uri": ["vscode-uri@3.1.0", "", {}, "sha512-/BpdSx+yCQGnCvecbyXdxHDkuk55/G3xwnC0GqY4gmQ3j+A+g8kzzgB4Nk/SINjqn6+waqw3EgbVF2QKExkRxQ=="],

    "vue": ["vue@3.5.34", "", { "dependencies": { "@vue/compiler-dom": "3.5.34", "@vue/compiler-sfc": "3.5.34", "@vue/runtime-dom": "3.5.34", "@vue/server-renderer": "3.5.34", "@vue/shared": "3.5.34" }, "peerDependencies": { "typescript": "*" }, "optionalPeers": ["typescript"] }, "sha512-WdLBG9gm02OgJIG9axd5Hpx0TFLdzVgfG2evFFu8Rur5O/IoGc5cMjnjh3tPL6GnRGsYvUhBSKVPYVcxRKpMCA=="],

    "vue-tsc": ["vue-tsc@2.2.12", "", { "dependencies": { "@volar/typescript": "2.4.15", "@vue/language-core": "2.2.12" }, "peerDependencies": { "typescript": ">=5.0.0" }, "bin": { "vue-tsc": "./bin/vue-tsc.js" } }, "sha512-P7OP77b2h/Pmk+lZdJ0YWs+5tJ6J2+uOQPo7tlBnY44QqQSPYvS0qVT4wqDJgwrZaLe47etJLLQRFia71GYITw=="],

    "yaml": ["yaml@2.8.4", "", { "bin": { "yaml": "bin.mjs" } }, "sha512-ml/JPOj9fOQK8RNnWojA67GbZ0ApXAUlN2UQclwv2eVgTgn7O9gg9o7paZWKMp4g0H3nTLtS9LVzhkpOFIKzog=="],
  }
}
