{
  "lockfileVersion": 1,
  "configVersion": 1,
  "workspaces": {
    "": {
      "name": "@synadia-ai/open-agent",
      "dependencies": {
        "@ai-sdk/anthropic": "^3.0.70",
        "@ai-sdk/openai": "^3.0.53",
        "@nats-io/nats-core": "^3.4.0",
        "@nats-io/services": "^3.4.0",
        "@nats-io/transport-node": "^3.4.0",
        "@synadia-ai/agent-service": "^0.5.2",
        "@synadia-ai/agents": "^0.5.1",
        "ai": "^6.0.165",
        "zod": "^4.3.6",
      },
      "devDependencies": {
        "@types/bun": "latest",
        "@types/node": "^22.0.0",
        "typescript": "^5.6.0",
      },
    },
  },
  "packages": {
    "@ai-sdk/anthropic": ["@ai-sdk/anthropic@3.0.77", "", { "dependencies": { "@ai-sdk/provider": "3.0.10", "@ai-sdk/provider-utils": "4.0.27" }, "peerDependencies": { "zod": "^3.25.76 || ^4.1.8" } }, "sha512-ML8C2M1YvPA1ulEx4TiyF0k1xvC2ikEiPBIC1PPQ0a5xELUGrO2lAaEzsTEoJ+eCeDd8PSBuFJjs+r+9yIwQXA=="],

    "@ai-sdk/gateway": ["@ai-sdk/gateway@3.0.112", "", { "dependencies": { "@ai-sdk/provider": "3.0.10", "@ai-sdk/provider-utils": "4.0.27", "@vercel/oidc": "3.2.0" }, "peerDependencies": { "zod": "^3.25.76 || ^4.1.8" } }, "sha512-jiBao9pR4owWyjo0BnuNc7WSQBGOD0thysE4AFgZXaG+zMFbISQXUkJr7ePw/phBvePy7jE5FSA2Lf7lwqUiiQ=="],

    "@ai-sdk/openai": ["@ai-sdk/openai@3.0.63", "", { "dependencies": { "@ai-sdk/provider": "3.0.10", "@ai-sdk/provider-utils": "4.0.27" }, "peerDependencies": { "zod": "^3.25.76 || ^4.1.8" } }, "sha512-4yY/m8a57MNNVoJCsXuNblKf6BO4yuAuLKRX4tzSNffBEBSp1FlcWdPE0Z4FkqUeS0AJhYSSqp0GIiA/cIcDNA=="],

    "@ai-sdk/provider": ["@ai-sdk/provider@3.0.10", "", { "dependencies": { "json-schema": "^0.4.0" } }, "sha512-Q3BZ27qfpYqnCYGvE3vt+Qi6LGOF9R5Nmzn+9JoM1lCRsD9mYaIhfJLkSunN48nfGXJ6n+XNV0J/XVpqGQl7Dw=="],

    "@ai-sdk/provider-utils": ["@ai-sdk/provider-utils@4.0.27", "", { "dependencies": { "@ai-sdk/provider": "3.0.10", "@standard-schema/spec": "^1.1.0", "eventsource-parser": "^3.0.8" }, "peerDependencies": { "zod": "^3.25.76 || ^4.1.8" } }, "sha512-ubkAJ+xODouwtmN1tYlvTPphH1hPOBfZaEQe8U7skGvFAnIRs9PPpsq57bC2+Ky/MB4yzhd6YOsxTAx9sGpazw=="],

    "@nats-io/nats-core": ["@nats-io/nats-core@3.4.0", "", { "dependencies": { "@nats-io/nkeys": "2.0.3", "@nats-io/nuid": "3.0.0" } }, "sha512-QMDM86EUNm+wudlKC67HLar/KHHQUvJGLfb4jbahje3pUk3K9afeck9fwsxBZF0eUFox6T/TA6m/t+lQqf+QsQ=="],

    "@nats-io/nkeys": ["@nats-io/nkeys@2.0.3", "", { "dependencies": { "tweetnacl": "^1.0.3" } }, "sha512-JVt56GuE6Z89KUkI4TXUbSI9fmIfAmk6PMPknijmuL72GcD+UgIomTcRWiNvvJKxA01sBbmIPStqJs5cMRBC3A=="],

    "@nats-io/nuid": ["@nats-io/nuid@3.0.0", "", {}, "sha512-QbXZDrxmYlrn5AD06gYcUTmEHwxn96HBQMIk7XTjDlEcx6FPzVBBPjp4AMRh1lEv6B4iJ6Xb/Uz61JugPXFRQg=="],

    "@nats-io/services": ["@nats-io/services@3.4.0", "", { "dependencies": { "@nats-io/nats-core": "3.4.0" } }, "sha512-hS9l4F5VCbdg4u7/qgEUU9gtQ+ZOLJxtj+lJj0oSw7Okkm0fLkYq6odbobFa50IGkghfLrzag95dWHSF8F8+CA=="],

    "@nats-io/transport-node": ["@nats-io/transport-node@3.4.0", "", { "dependencies": { "@nats-io/nats-core": "3.4.0", "@nats-io/nkeys": "2.0.3", "@nats-io/nuid": "3.0.0" } }, "sha512-hH7u7ejIBTFEJIZ8rIcMrHJI6wl+HhpO5sVFs1+ppmXa8RuB2+Lh1+UwTzZ5xTNNm1TKcRkYy+2qCV56qp8RxA=="],

    "@opentelemetry/api": ["@opentelemetry/api@1.9.1", "", {}, "sha512-gLyJlPHPZYdAk1JENA9LeHejZe1Ti77/pTeFm/nMXmQH/HFZlcS/O2XJB+L8fkbrNSqhdtlvjBVjxwUYanNH5Q=="],

    "@standard-schema/spec": ["@standard-schema/spec@1.1.0", "", {}, "sha512-l2aFy5jALhniG5HgqrD6jXLi/rUWrKvqN/qJx6yoJsgKhblVd+iqqU4RCXavm/jPityDo5TCvKMnpjKnOriy0w=="],

    "@synadia-ai/agent-service": ["@synadia-ai/agent-service@0.5.2", "", { "dependencies": { "@nats-io/nats-core": "^3.4.0", "@nats-io/services": "^3.4.0", "@synadia-ai/agents": "^0.5.1" } }, "sha512-6y4odN+JbWM9zBFK3XlEOlyJJHnGqPUUQHpfbJqbsPBrI038fQPlhoPcr08SzlY0dXnh4voLoc29mip6Q970rQ=="],

    "@synadia-ai/agents": ["@synadia-ai/agents@0.5.1", "", { "dependencies": { "@nats-io/nats-core": "^3.4.0", "@nats-io/services": "^3.4.0", "@nats-io/transport-node": "^3.4.0" } }, "sha512-G5kjf4pVbKkAiyk7l/6ACHQ/xistiQ4mKBeDjwhIJ44eFby0ltyeWrvkmkRSDON64kT0pu5UxliBdTc8h9n0DA=="],

    "@types/bun": ["@types/bun@1.3.13", "", { "dependencies": { "bun-types": "1.3.13" } }, "sha512-9fqXWk5YIHGGnUau9TEi+qdlTYDAnOj+xLCmSTwXfAIqXr2x4tytJb43E9uCvt09zJURKXwAtkoH4nLQfzeTXw=="],

    "@types/node": ["@types/node@22.19.19", "", { "dependencies": { "undici-types": "~6.21.0" } }, "sha512-dyh/xO2Fh5bYrfWaaqGrRQQGkNdmYw6AmaAUvYeUMNTWQtvb796ikLdmTchRmOlOiIJ1TDXfWgVx1QkUlQ6Hew=="],

    "@vercel/oidc": ["@vercel/oidc@3.2.0", "", {}, "sha512-UycprH3T6n3jH0k44NHMa7pnFHGu/N05MjojYr+Mc6I7obkoLIJujSWwin1pCvdy/eOxrI/l3uDLQsmcrOb4ug=="],

    "ai": ["ai@6.0.178", "", { "dependencies": { "@ai-sdk/gateway": "3.0.112", "@ai-sdk/provider": "3.0.10", "@ai-sdk/provider-utils": "4.0.27", "@opentelemetry/api": "^1.9.0" }, "peerDependencies": { "zod": "^3.25.76 || ^4.1.8" } }, "sha512-8PcUmzAkco40EO4fTCij3mN+u/KmX8CZrLOuMrnM7UQvtdPW1W3OBb8RrJUamMD/yFtaLkSDL4DkFzkMJ3kkFg=="],

    "bun-types": ["bun-types@1.3.13", "", { "dependencies": { "@types/node": "*" } }, "sha512-QXKeHLlOLqQX9LgYaHJfzdBaV21T63HhFJnvuRCcjZiaUDpbs5ED1MgxbMra71CsryN/1dAoXuJJJwIv/2drVA=="],

    "eventsource-parser": ["eventsource-parser@3.0.8", "", {}, "sha512-70QWGkr4snxr0OXLRWsFLeRBIRPuQOvt4s8QYjmUlmlkyTZkRqS7EDVRZtzU3TiyDbXSzaOeF0XUKy8PchzukQ=="],

    "json-schema": ["json-schema@0.4.0", "", {}, "sha512-es94M3nTIfsEPisRafak+HDLfHXnKBhV3vU5eqPcS3flIWqcxJWgXHXiey3YrpaNsanY5ei1VoYEbOzijuq9BA=="],

    "tweetnacl": ["tweetnacl@1.0.3", "", {}, "sha512-6rt+RN7aOi1nGMyC4Xa5DdYiukl2UWCbcJft7YhxReBGQD7OAM8Pbxw6YMo4r2diNEA8FEmu32YOn9rhaiE5yw=="],

    "typescript": ["typescript@5.9.3", "", { "bin": { "tsc": "bin/tsc", "tsserver": "bin/tsserver" } }, "sha512-jl1vZzPDinLr9eUt3J/t7V6FgNEw9QjvBPdysz9KfQDD41fQrC2Y4vKQdiaUpFT4bXlb1RHhLpp8wtm6M5TgSw=="],

    "undici-types": ["undici-types@6.21.0", "", {}, "sha512-iwDZqg0QAGrg9Rav5H4n0M64c3mkR59cJ6wQp+7C4nI0gsmExaedaYLNO44eT4AtBBwjbTiGPMlt2Md0T9H9JQ=="],

    "zod": ["zod@4.4.3", "", {}, "sha512-ytENFjIJFl2UwYglde2jchW2Hwm4GJFLDiSXWdTrJQBIN9Fcyp7n4DhxJEiWNAJMV1/BqWfW/kkg71UDcHJyTQ=="],
  }
}
